// !$*UTF8*$!
{
	archiveVersion = 1;
	classes = {
	};
	objectVersion = 56;
	objects = {

/* Begin PBXBuildFile section */
		4A0AE478293BBF66009D95C1 /* Feed.framework in Frameworks */ = {isa = PBXBuildFile; fileRef = 4A0AE46F293BBF66009D95C1 /* Feed.framework */; };
		4A0AE488293BBF95009D95C1 /* FeedImage.swift in Sources */ = {isa = PBXBuildFile; fileRef = 4A0AE487293BBF94009D95C1 /* FeedImage.swift */; };
		4A0AE48A293BC043009D95C1 /* FeedLoader.swift in Sources */ = {isa = PBXBuildFile; fileRef = 4A0AE489293BC043009D95C1 /* FeedLoader.swift */; };
		4A0AE48D293BC450009D95C1 /* LoadFeedFromRemoteUseCaseTests.swift in Sources */ = {isa = PBXBuildFile; fileRef = 4A0AE48C293BC450009D95C1 /* LoadFeedFromRemoteUseCaseTests.swift */; };
		4A0AE490293D259B009D95C1 /* RemoteFeedLoader.swift in Sources */ = {isa = PBXBuildFile; fileRef = 4A0AE48F293D259B009D95C1 /* RemoteFeedLoader.swift */; };
		4A13647E295F3EB3008CA68C /* URLSessionHTTPClient.swift in Sources */ = {isa = PBXBuildFile; fileRef = 4A13647D295F3EB3008CA68C /* URLSessionHTTPClient.swift */; };
		4A19ACC82954D1740007C25D /* URLSessionHTTPClientTests.swift in Sources */ = {isa = PBXBuildFile; fileRef = 4A19ACC72954D1740007C25D /* URLSessionHTTPClientTests.swift */; };
		4A19ACCA2955D7AF0007C25D /* XCTestCase+MemoryLeakTracking.swift in Sources */ = {isa = PBXBuildFile; fileRef = 4A19ACC92955D7AF0007C25D /* XCTestCase+MemoryLeakTracking.swift */; };
		4A207A0629859DD8002A75DB /* RemoteFeedItem.swift in Sources */ = {isa = PBXBuildFile; fileRef = 4A207A0529859DD8002A75DB /* RemoteFeedItem.swift */; };
		4A207A0829859E0C002A75DB /* LocalFeedImage.swift in Sources */ = {isa = PBXBuildFile; fileRef = 4A207A0729859E0C002A75DB /* LocalFeedImage.swift */; };
		4A266C3C295F6246009A7B49 /* XCTestCase+MemoryLeakTracking.swift in Sources */ = {isa = PBXBuildFile; fileRef = 4A19ACC92955D7AF0007C25D /* XCTestCase+MemoryLeakTracking.swift */; };
		4A26C05D29E1D5C8000848F4 /* ValidateFeedCacheUseCaseTests.swift in Sources */ = {isa = PBXBuildFile; fileRef = 4A26C05C29E1D5C8000848F4 /* ValidateFeedCacheUseCaseTests.swift */; };
		4A26C05F29E1DCD9000848F4 /* FeedCacheTestHelpers.swift in Sources */ = {isa = PBXBuildFile; fileRef = 4A26C05E29E1DCD9000848F4 /* FeedCacheTestHelpers.swift */; };
		4A26C06129E1DDA8000848F4 /* SharedTestHelpers.swift in Sources */ = {isa = PBXBuildFile; fileRef = 4A26C06029E1DDA8000848F4 /* SharedTestHelpers.swift */; };
		4A4952AF294495EC0010A69F /* XCTest+Extension.swift in Sources */ = {isa = PBXBuildFile; fileRef = 4A4952AE294495EC0010A69F /* XCTest+Extension.swift */; };
		4A4C44DA296DEB7600735FE6 /* CacheFeedUseCaseTests.swift in Sources */ = {isa = PBXBuildFile; fileRef = 4A4C44D9296DEB7600735FE6 /* CacheFeedUseCaseTests.swift */; };
		4A69A91A295F5982006FAD1D /* FeedAPIEndToEndTests.swift in Sources */ = {isa = PBXBuildFile; fileRef = 4A69A919295F5982006FAD1D /* FeedAPIEndToEndTests.swift */; };
		4A69A91B295F5982006FAD1D /* Feed.framework in Frameworks */ = {isa = PBXBuildFile; fileRef = 4A0AE46F293BBF66009D95C1 /* Feed.framework */; };
		4A6BB2E72992CCAB00EAE4E9 /* LoadFeedFromCacheUseCaseTests.swift in Sources */ = {isa = PBXBuildFile; fileRef = 4A6BB2E62992CCAB00EAE4E9 /* LoadFeedFromCacheUseCaseTests.swift */; };
		4A6BB2EA2992CE4400EAE4E9 /* FeedStoreSpy.swift in Sources */ = {isa = PBXBuildFile; fileRef = 4A6BB2E92992CE4400EAE4E9 /* FeedStoreSpy.swift */; };
		4AA53A9E29786A7400D2B713 /* LocalFeedLoader.swift in Sources */ = {isa = PBXBuildFile; fileRef = 4AA53A9D29786A7400D2B713 /* LocalFeedLoader.swift */; };
		4AA53AA029786AE200D2B713 /* FeedStore.swift in Sources */ = {isa = PBXBuildFile; fileRef = 4AA53A9F29786AE200D2B713 /* FeedStore.swift */; };
		4AE2EBDE2946697F00AACDC1 /* HTTPClient.swift in Sources */ = {isa = PBXBuildFile; fileRef = 4AE2EBDD2946697F00AACDC1 /* HTTPClient.swift */; };
		4AE2EBE0294669D600AACDC1 /* FeedItemsMapper.swift in Sources */ = {isa = PBXBuildFile; fileRef = 4AE2EBDF294669D600AACDC1 /* FeedItemsMapper.swift */; };
		7303D6982AED68CE0072D254 /* FeedPresenter.swift in Sources */ = {isa = PBXBuildFile; fileRef = 7303D6972AED68CE0072D254 /* FeedPresenter.swift */; };
		7303D6992AEE72D10072D254 /* Feed.strings in Resources */ = {isa = PBXBuildFile; fileRef = 7303D6942AED67510072D254 /* Feed.strings */; };
		7303D69B2AEE732E0072D254 /* FeedViewModel.swift in Sources */ = {isa = PBXBuildFile; fileRef = 7303D69A2AEE732E0072D254 /* FeedViewModel.swift */; };
		7303D69D2AEE73650072D254 /* FeedLoadingViewModel.swift in Sources */ = {isa = PBXBuildFile; fileRef = 7303D69C2AEE73650072D254 /* FeedLoadingViewModel.swift */; };
		7303D69F2AEE739C0072D254 /* FeedErrorViewModel.swift in Sources */ = {isa = PBXBuildFile; fileRef = 7303D69E2AEE739C0072D254 /* FeedErrorViewModel.swift */; };
		7303D6A12AEE76740072D254 /* FeedLocalizationTests.swift in Sources */ = {isa = PBXBuildFile; fileRef = 7303D6A02AEE76740072D254 /* FeedLocalizationTests.swift */; };
		733E0A9F2AF2B62F00C8D9BE /* FeedImageDataLoader.swift in Sources */ = {isa = PBXBuildFile; fileRef = 735788712ADAA00200030C88 /* FeedImageDataLoader.swift */; };
		733E0AA12AF2BEFE00C8D9BE /* LoadFeedImageDataFromRemoteUseCaseTests.swift in Sources */ = {isa = PBXBuildFile; fileRef = 733E0AA02AF2BEFE00C8D9BE /* LoadFeedImageDataFromRemoteUseCaseTests.swift */; };
		733E0AA42AF3A97E00C8D9BE /* HTTPClientSpy.swift in Sources */ = {isa = PBXBuildFile; fileRef = 733E0AA32AF3A97E00C8D9BE /* HTTPClientSpy.swift */; };
		733E0AA62AF3AA2E00C8D9BE /* RemoteFeedImageDataLoader.swift in Sources */ = {isa = PBXBuildFile; fileRef = 733E0AA52AF3AA2E00C8D9BE /* RemoteFeedImageDataLoader.swift */; };
		733E0AA92AF3AE3500C8D9BE /* HTTPURLResponse+StatusCode.swift in Sources */ = {isa = PBXBuildFile; fileRef = 733E0AA82AF3AE3500C8D9BE /* HTTPURLResponse+StatusCode.swift */; };
		733E0AAB2AF3AEC500C8D9BE /* URLProtocolStub.swift in Sources */ = {isa = PBXBuildFile; fileRef = 733E0AAA2AF3AEC500C8D9BE /* URLProtocolStub.swift */; };
		733E0AB92AF3C21500C8D9BE /* CoreDataFeedStoreTests.swift in Sources */ = {isa = PBXBuildFile; fileRef = 733E0AB82AF3C21500C8D9BE /* CoreDataFeedStoreTests.swift */; };
		7357885B2AD7F33100030C88 /* UIImage+TestHelpers.swift in Sources */ = {isa = PBXBuildFile; fileRef = 7357885A2AD7F33100030C88 /* UIImage+TestHelpers.swift */; };
		7357885D2AD7F37D00030C88 /* UIRefreshControl+TestHelper.swift in Sources */ = {isa = PBXBuildFile; fileRef = 7357885C2AD7F37D00030C88 /* UIRefreshControl+TestHelper.swift */; };
		7357885F2AD7F3E000030C88 /* UIButton+TestHelper.swift in Sources */ = {isa = PBXBuildFile; fileRef = 7357885E2AD7F3E000030C88 /* UIButton+TestHelper.swift */; };
		735788612AD7F4AA00030C88 /* UIControl+TestHelpers.swift in Sources */ = {isa = PBXBuildFile; fileRef = 735788602AD7F4AA00030C88 /* UIControl+TestHelpers.swift */; };
		735788662ADA9D0900030C88 /* FeedViewController+TestHelpers.swift in Sources */ = {isa = PBXBuildFile; fileRef = 735788652ADA9D0900030C88 /* FeedViewController+TestHelpers.swift */; };
		735788682ADA9DBA00030C88 /* FeedImageCell+TestHelpers.swift in Sources */ = {isa = PBXBuildFile; fileRef = 735788672ADA9DBA00030C88 /* FeedImageCell+TestHelpers.swift */; };
		7357886A2ADA9E0100030C88 /* FeedViewControllerTests+LoaderSpy.swift in Sources */ = {isa = PBXBuildFile; fileRef = 735788692ADA9E0100030C88 /* FeedViewControllerTests+LoaderSpy.swift */; };
		7357886C2ADA9EB900030C88 /* FeedViewControllerTests+Assertions.swift in Sources */ = {isa = PBXBuildFile; fileRef = 7357886B2ADA9EB900030C88 /* FeedViewControllerTests+Assertions.swift */; };
		735788762ADAA5D000030C88 /* FeedImageCellController.swift in Sources */ = {isa = PBXBuildFile; fileRef = 735788752ADAA5D000030C88 /* FeedImageCellController.swift */; };
		735788792ADAAAE300030C88 /* FeedUIComposer.swift in Sources */ = {isa = PBXBuildFile; fileRef = 735788782ADAAAE300030C88 /* FeedUIComposer.swift */; };
		735788892AE1956A00030C88 /* Feed.storyboard in Resources */ = {isa = PBXBuildFile; fileRef = 735788882AE1956A00030C88 /* Feed.storyboard */; };
		7357888B2AE1957800030C88 /* Feed.xcassets in Resources */ = {isa = PBXBuildFile; fileRef = 7357888A2AE1957800030C88 /* Feed.xcassets */; };
		7357888D2AE1A0CB00030C88 /* UITableView+Dequeueing.swift in Sources */ = {isa = PBXBuildFile; fileRef = 7357888C2AE1A0CB00030C88 /* UITableView+Dequeueing.swift */; };
		7357888F2AE1A1C500030C88 /* UIImageView+Animations.swift in Sources */ = {isa = PBXBuildFile; fileRef = 7357888E2AE1A1C500030C88 /* UIImageView+Animations.swift */; };
		735788932AE42A7E00030C88 /* FeedViewControllerTests+Localization.swift in Sources */ = {isa = PBXBuildFile; fileRef = 735788922AE42A7E00030C88 /* FeedViewControllerTests+Localization.swift */; };
		735788992AE5326E00030C88 /* MainQueueDispatchDecorator.swift in Sources */ = {isa = PBXBuildFile; fileRef = 735788982AE5326E00030C88 /* MainQueueDispatchDecorator.swift */; };
		7357889B2AE532C600030C88 /* WeakRefVirtualProxy.swift in Sources */ = {isa = PBXBuildFile; fileRef = 7357889A2AE532C600030C88 /* WeakRefVirtualProxy.swift */; };
		7357889D2AE532FB00030C88 /* FeedImageDataLoaderPresentationAdapter.swift in Sources */ = {isa = PBXBuildFile; fileRef = 7357889C2AE532FB00030C88 /* FeedImageDataLoaderPresentationAdapter.swift */; };
		7357889F2AE5333000030C88 /* FeedLoaderPresentationAdapter.swift in Sources */ = {isa = PBXBuildFile; fileRef = 7357889E2AE5333000030C88 /* FeedLoaderPresentationAdapter.swift */; };
		735788A12AE5336B00030C88 /* FeedViewAdapter.swift in Sources */ = {isa = PBXBuildFile; fileRef = 735788A02AE5336B00030C88 /* FeedViewAdapter.swift */; };
		735788A42AEAC30C00030C88 /* FeedPresenterTests.swift in Sources */ = {isa = PBXBuildFile; fileRef = 735788A32AEAC30C00030C88 /* FeedPresenterTests.swift */; };
		735788A62AEC1DC100030C88 /* ErrorView.swift in Sources */ = {isa = PBXBuildFile; fileRef = 735788A52AEC1DC100030C88 /* ErrorView.swift */; };
		735788AB2AED037E00030C88 /* UIRefreshControl+Helpers.swift in Sources */ = {isa = PBXBuildFile; fileRef = 735788AA2AED037E00030C88 /* UIRefreshControl+Helpers.swift */; };
		735926142AA348900083C799 /* FeedStoreSpecs.swift in Sources */ = {isa = PBXBuildFile; fileRef = 735926132AA348900083C799 /* FeedStoreSpecs.swift */; };
		735926162AA349320083C799 /* XCTestCase+FeedStoreSpecs.swift in Sources */ = {isa = PBXBuildFile; fileRef = 735926152AA349320083C799 /* XCTestCase+FeedStoreSpecs.swift */; };
		73605B362AEE7E5A00AF79EC /* FeedImagePresenterTests.swift in Sources */ = {isa = PBXBuildFile; fileRef = 73605B352AEE7E5A00AF79EC /* FeedImagePresenterTests.swift */; };
		73605B382AEECFC200AF79EC /* FeedImagePresenter.swift in Sources */ = {isa = PBXBuildFile; fileRef = 73605B372AEECFC200AF79EC /* FeedImagePresenter.swift */; };
		73605B3A2AEED0D100AF79EC /* FeedImageViewModel.swift in Sources */ = {isa = PBXBuildFile; fileRef = 73605B392AEED0D100AF79EC /* FeedImageViewModel.swift */; };
		7377A9C42ACB516500CEA604 /* FeediOS.docc in Sources */ = {isa = PBXBuildFile; fileRef = 7377A9C32ACB516500CEA604 /* FeediOS.docc */; };
		7377A9CA2ACB516500CEA604 /* FeediOS.framework in Frameworks */ = {isa = PBXBuildFile; fileRef = 7377A9C02ACB516500CEA604 /* FeediOS.framework */; };
		73B4C2242AD1830C00C563C1 /* FeedViewController.swift in Sources */ = {isa = PBXBuildFile; fileRef = 73B4C2232AD1830C00C563C1 /* FeedViewController.swift */; };
		73B4C2262AD2BDC100C563C1 /* FeedImageCell.swift in Sources */ = {isa = PBXBuildFile; fileRef = 73B4C2252AD2BDC100C563C1 /* FeedImageCell.swift */; };
		73B4C2282AD31AA900C563C1 /* UIView+Shimmering.swift in Sources */ = {isa = PBXBuildFile; fileRef = 73B4C2272AD31AA900C563C1 /* UIView+Shimmering.swift */; };
		73B7E9822A82B11300ABE056 /* FeedCachePolicy.swift in Sources */ = {isa = PBXBuildFile; fileRef = 73B7E9812A82B11300ABE056 /* FeedCachePolicy.swift */; };
		73B7E9842A85445900ABE056 /* CodableFeedStoreTests.swift in Sources */ = {isa = PBXBuildFile; fileRef = 73B7E9832A85445900ABE056 /* CodableFeedStoreTests.swift */; };
		73B7E9862A920EF500ABE056 /* CodableFeedStore.swift in Sources */ = {isa = PBXBuildFile; fileRef = 73B7E9852A920EF500ABE056 /* CodableFeedStore.swift */; };
		73E14F912AD04C9F0055004C /* FeedUIIntegrationTests.swift in Sources */ = {isa = PBXBuildFile; fileRef = 73E14F902AD04C9F0055004C /* FeedUIIntegrationTests.swift */; };
		73E14F932AD04F750055004C /* Feed.framework in Frameworks */ = {isa = PBXBuildFile; fileRef = 4A0AE46F293BBF66009D95C1 /* Feed.framework */; platformFilter = ios; };
		73E14F942AD04F750055004C /* Feed.framework in Embed Frameworks */ = {isa = PBXBuildFile; fileRef = 4A0AE46F293BBF66009D95C1 /* Feed.framework */; platformFilter = ios; settings = {ATTRIBUTES = (CodeSignOnCopy, RemoveHeadersOnCopy, ); }; };
		73E14F9B2AD053E50055004C /* XCTestCase+MemoryLeakTracking.swift in Sources */ = {isa = PBXBuildFile; fileRef = 4A19ACC92955D7AF0007C25D /* XCTestCase+MemoryLeakTracking.swift */; };
/* End PBXBuildFile section */

/* Begin PBXContainerItemProxy section */
		4A0AE479293BBF66009D95C1 /* PBXContainerItemProxy */ = {
			isa = PBXContainerItemProxy;
			containerPortal = 4A0AE466293BBF66009D95C1 /* Project object */;
			proxyType = 1;
			remoteGlobalIDString = 4A0AE46E293BBF66009D95C1;
			remoteInfo = Feed;
		};
		4A69A91C295F5982006FAD1D /* PBXContainerItemProxy */ = {
			isa = PBXContainerItemProxy;
			containerPortal = 4A0AE466293BBF66009D95C1 /* Project object */;
			proxyType = 1;
			remoteGlobalIDString = 4A0AE46E293BBF66009D95C1;
			remoteInfo = Feed;
		};
		7377A9CB2ACB516500CEA604 /* PBXContainerItemProxy */ = {
			isa = PBXContainerItemProxy;
			containerPortal = 4A0AE466293BBF66009D95C1 /* Project object */;
			proxyType = 1;
			remoteGlobalIDString = 7377A9BF2ACB516500CEA604;
			remoteInfo = FeediOS;
		};
		73E14F952AD04F750055004C /* PBXContainerItemProxy */ = {
			isa = PBXContainerItemProxy;
			containerPortal = 4A0AE466293BBF66009D95C1 /* Project object */;
			proxyType = 1;
			remoteGlobalIDString = 4A0AE46E293BBF66009D95C1;
			remoteInfo = Feed;
		};
/* End PBXContainerItemProxy section */

/* Begin PBXCopyFilesBuildPhase section */
		73E14F972AD04F760055004C /* Embed Frameworks */ = {
			isa = PBXCopyFilesBuildPhase;
			buildActionMask = 2147483647;
			dstPath = "";
			dstSubfolderSpec = 10;
			files = (
				73E14F942AD04F750055004C /* Feed.framework in Embed Frameworks */,
			);
			name = "Embed Frameworks";
			runOnlyForDeploymentPostprocessing = 0;
		};
/* End PBXCopyFilesBuildPhase section */

/* Begin PBXFileReference section */
		4A0AE46F293BBF66009D95C1 /* Feed.framework */ = {isa = PBXFileReference; explicitFileType = wrapper.framework; includeInIndex = 0; path = Feed.framework; sourceTree = BUILT_PRODUCTS_DIR; };
		4A0AE477293BBF66009D95C1 /* FeedTests.xctest */ = {isa = PBXFileReference; explicitFileType = wrapper.cfbundle; includeInIndex = 0; path = FeedTests.xctest; sourceTree = BUILT_PRODUCTS_DIR; };
		4A0AE487293BBF94009D95C1 /* FeedImage.swift */ = {isa = PBXFileReference; lastKnownFileType = sourcecode.swift; path = FeedImage.swift; sourceTree = "<group>"; };
		4A0AE489293BC043009D95C1 /* FeedLoader.swift */ = {isa = PBXFileReference; lastKnownFileType = sourcecode.swift; path = FeedLoader.swift; sourceTree = "<group>"; };
		4A0AE48C293BC450009D95C1 /* LoadFeedFromRemoteUseCaseTests.swift */ = {isa = PBXFileReference; lastKnownFileType = sourcecode.swift; path = LoadFeedFromRemoteUseCaseTests.swift; sourceTree = "<group>"; };
		4A0AE48F293D259B009D95C1 /* RemoteFeedLoader.swift */ = {isa = PBXFileReference; lastKnownFileType = sourcecode.swift; path = RemoteFeedLoader.swift; sourceTree = "<group>"; };
		4A13647D295F3EB3008CA68C /* URLSessionHTTPClient.swift */ = {isa = PBXFileReference; lastKnownFileType = sourcecode.swift; path = URLSessionHTTPClient.swift; sourceTree = "<group>"; };
		4A19ACC72954D1740007C25D /* URLSessionHTTPClientTests.swift */ = {isa = PBXFileReference; lastKnownFileType = sourcecode.swift; path = URLSessionHTTPClientTests.swift; sourceTree = "<group>"; };
		4A19ACC92955D7AF0007C25D /* XCTestCase+MemoryLeakTracking.swift */ = {isa = PBXFileReference; lastKnownFileType = sourcecode.swift; path = "XCTestCase+MemoryLeakTracking.swift"; sourceTree = "<group>"; };
		4A207A0529859DD8002A75DB /* RemoteFeedItem.swift */ = {isa = PBXFileReference; lastKnownFileType = sourcecode.swift; path = RemoteFeedItem.swift; sourceTree = "<group>"; };
		4A207A0729859E0C002A75DB /* LocalFeedImage.swift */ = {isa = PBXFileReference; lastKnownFileType = sourcecode.swift; path = LocalFeedImage.swift; sourceTree = "<group>"; };
		4A26C05C29E1D5C8000848F4 /* ValidateFeedCacheUseCaseTests.swift */ = {isa = PBXFileReference; lastKnownFileType = sourcecode.swift; path = ValidateFeedCacheUseCaseTests.swift; sourceTree = "<group>"; };
		4A26C05E29E1DCD9000848F4 /* FeedCacheTestHelpers.swift */ = {isa = PBXFileReference; lastKnownFileType = sourcecode.swift; path = FeedCacheTestHelpers.swift; sourceTree = "<group>"; };
		4A26C06029E1DDA8000848F4 /* SharedTestHelpers.swift */ = {isa = PBXFileReference; lastKnownFileType = sourcecode.swift; path = SharedTestHelpers.swift; sourceTree = "<group>"; };
		4A4952AE294495EC0010A69F /* XCTest+Extension.swift */ = {isa = PBXFileReference; lastKnownFileType = sourcecode.swift; path = "XCTest+Extension.swift"; sourceTree = "<group>"; };
		4A4C44D9296DEB7600735FE6 /* CacheFeedUseCaseTests.swift */ = {isa = PBXFileReference; lastKnownFileType = sourcecode.swift; path = CacheFeedUseCaseTests.swift; sourceTree = "<group>"; };
		4A69A917295F5982006FAD1D /* FeedAPIEndToEndTests.xctest */ = {isa = PBXFileReference; explicitFileType = wrapper.cfbundle; includeInIndex = 0; path = FeedAPIEndToEndTests.xctest; sourceTree = BUILT_PRODUCTS_DIR; };
		4A69A919295F5982006FAD1D /* FeedAPIEndToEndTests.swift */ = {isa = PBXFileReference; lastKnownFileType = sourcecode.swift; path = FeedAPIEndToEndTests.swift; sourceTree = "<group>"; };
		4A6BB2E62992CCAB00EAE4E9 /* LoadFeedFromCacheUseCaseTests.swift */ = {isa = PBXFileReference; lastKnownFileType = sourcecode.swift; path = LoadFeedFromCacheUseCaseTests.swift; sourceTree = "<group>"; };
		4A6BB2E92992CE4400EAE4E9 /* FeedStoreSpy.swift */ = {isa = PBXFileReference; lastKnownFileType = sourcecode.swift; path = FeedStoreSpy.swift; sourceTree = "<group>"; };
		4AA53A9D29786A7400D2B713 /* LocalFeedLoader.swift */ = {isa = PBXFileReference; lastKnownFileType = sourcecode.swift; path = LocalFeedLoader.swift; sourceTree = "<group>"; };
		4AA53A9F29786AE200D2B713 /* FeedStore.swift */ = {isa = PBXFileReference; lastKnownFileType = sourcecode.swift; path = FeedStore.swift; sourceTree = "<group>"; };
		4AE2EBDD2946697F00AACDC1 /* HTTPClient.swift */ = {isa = PBXFileReference; lastKnownFileType = sourcecode.swift; path = HTTPClient.swift; sourceTree = "<group>"; };
		4AE2EBDF294669D600AACDC1 /* FeedItemsMapper.swift */ = {isa = PBXFileReference; lastKnownFileType = sourcecode.swift; path = FeedItemsMapper.swift; sourceTree = "<group>"; };
		7303D6932AED67510072D254 /* en */ = {isa = PBXFileReference; lastKnownFileType = text.plist.strings; name = en; path = en.lproj/Feed.strings; sourceTree = "<group>"; };
		7303D6952AED67540072D254 /* es */ = {isa = PBXFileReference; lastKnownFileType = text.plist.strings; name = es; path = es.lproj/Feed.strings; sourceTree = "<group>"; };
		7303D6972AED68CE0072D254 /* FeedPresenter.swift */ = {isa = PBXFileReference; lastKnownFileType = sourcecode.swift; path = FeedPresenter.swift; sourceTree = "<group>"; };
		7303D69A2AEE732E0072D254 /* FeedViewModel.swift */ = {isa = PBXFileReference; lastKnownFileType = sourcecode.swift; path = FeedViewModel.swift; sourceTree = "<group>"; };
		7303D69C2AEE73650072D254 /* FeedLoadingViewModel.swift */ = {isa = PBXFileReference; lastKnownFileType = sourcecode.swift; path = FeedLoadingViewModel.swift; sourceTree = "<group>"; };
		7303D69E2AEE739C0072D254 /* FeedErrorViewModel.swift */ = {isa = PBXFileReference; lastKnownFileType = sourcecode.swift; path = FeedErrorViewModel.swift; sourceTree = "<group>"; };
		7303D6A02AEE76740072D254 /* FeedLocalizationTests.swift */ = {isa = PBXFileReference; lastKnownFileType = sourcecode.swift; path = FeedLocalizationTests.swift; sourceTree = "<group>"; };
		733E0AA02AF2BEFE00C8D9BE /* LoadFeedImageDataFromRemoteUseCaseTests.swift */ = {isa = PBXFileReference; lastKnownFileType = sourcecode.swift; path = LoadFeedImageDataFromRemoteUseCaseTests.swift; sourceTree = "<group>"; };
		733E0AA32AF3A97E00C8D9BE /* HTTPClientSpy.swift */ = {isa = PBXFileReference; lastKnownFileType = sourcecode.swift; path = HTTPClientSpy.swift; sourceTree = "<group>"; };
		733E0AA52AF3AA2E00C8D9BE /* RemoteFeedImageDataLoader.swift */ = {isa = PBXFileReference; lastKnownFileType = sourcecode.swift; path = RemoteFeedImageDataLoader.swift; sourceTree = "<group>"; };
		733E0AA82AF3AE3500C8D9BE /* HTTPURLResponse+StatusCode.swift */ = {isa = PBXFileReference; lastKnownFileType = sourcecode.swift; path = "HTTPURLResponse+StatusCode.swift"; sourceTree = "<group>"; };
		733E0AAA2AF3AEC500C8D9BE /* URLProtocolStub.swift */ = {isa = PBXFileReference; lastKnownFileType = sourcecode.swift; path = URLProtocolStub.swift; sourceTree = "<group>"; };
		733E0AB82AF3C21500C8D9BE /* CoreDataFeedStoreTests.swift */ = {isa = PBXFileReference; lastKnownFileType = sourcecode.swift; path = CoreDataFeedStoreTests.swift; sourceTree = "<group>"; };
		7357885A2AD7F33100030C88 /* UIImage+TestHelpers.swift */ = {isa = PBXFileReference; lastKnownFileType = sourcecode.swift; path = "UIImage+TestHelpers.swift"; sourceTree = "<group>"; };
		7357885C2AD7F37D00030C88 /* UIRefreshControl+TestHelper.swift */ = {isa = PBXFileReference; lastKnownFileType = sourcecode.swift; path = "UIRefreshControl+TestHelper.swift"; sourceTree = "<group>"; };
		7357885E2AD7F3E000030C88 /* UIButton+TestHelper.swift */ = {isa = PBXFileReference; lastKnownFileType = sourcecode.swift; path = "UIButton+TestHelper.swift"; sourceTree = "<group>"; };
		735788602AD7F4AA00030C88 /* UIControl+TestHelpers.swift */ = {isa = PBXFileReference; lastKnownFileType = sourcecode.swift; path = "UIControl+TestHelpers.swift"; sourceTree = "<group>"; };
		735788652ADA9D0900030C88 /* FeedViewController+TestHelpers.swift */ = {isa = PBXFileReference; lastKnownFileType = sourcecode.swift; path = "FeedViewController+TestHelpers.swift"; sourceTree = "<group>"; };
		735788672ADA9DBA00030C88 /* FeedImageCell+TestHelpers.swift */ = {isa = PBXFileReference; lastKnownFileType = sourcecode.swift; path = "FeedImageCell+TestHelpers.swift"; sourceTree = "<group>"; };
		735788692ADA9E0100030C88 /* FeedViewControllerTests+LoaderSpy.swift */ = {isa = PBXFileReference; lastKnownFileType = sourcecode.swift; path = "FeedViewControllerTests+LoaderSpy.swift"; sourceTree = "<group>"; };
		7357886B2ADA9EB900030C88 /* FeedViewControllerTests+Assertions.swift */ = {isa = PBXFileReference; lastKnownFileType = sourcecode.swift; path = "FeedViewControllerTests+Assertions.swift"; sourceTree = "<group>"; };
		735788712ADAA00200030C88 /* FeedImageDataLoader.swift */ = {isa = PBXFileReference; lastKnownFileType = sourcecode.swift; path = FeedImageDataLoader.swift; sourceTree = "<group>"; };
		735788752ADAA5D000030C88 /* FeedImageCellController.swift */ = {isa = PBXFileReference; lastKnownFileType = sourcecode.swift; path = FeedImageCellController.swift; sourceTree = "<group>"; };
		735788782ADAAAE300030C88 /* FeedUIComposer.swift */ = {isa = PBXFileReference; lastKnownFileType = sourcecode.swift; path = FeedUIComposer.swift; sourceTree = "<group>"; };
		735788882AE1956A00030C88 /* Feed.storyboard */ = {isa = PBXFileReference; fileEncoding = 4; lastKnownFileType = file.storyboard; path = Feed.storyboard; sourceTree = "<group>"; };
		7357888A2AE1957800030C88 /* Feed.xcassets */ = {isa = PBXFileReference; lastKnownFileType = folder.assetcatalog; path = Feed.xcassets; sourceTree = "<group>"; };
		7357888C2AE1A0CB00030C88 /* UITableView+Dequeueing.swift */ = {isa = PBXFileReference; lastKnownFileType = sourcecode.swift; path = "UITableView+Dequeueing.swift"; sourceTree = "<group>"; };
		7357888E2AE1A1C500030C88 /* UIImageView+Animations.swift */ = {isa = PBXFileReference; lastKnownFileType = sourcecode.swift; path = "UIImageView+Animations.swift"; sourceTree = "<group>"; };
		735788922AE42A7E00030C88 /* FeedViewControllerTests+Localization.swift */ = {isa = PBXFileReference; lastKnownFileType = sourcecode.swift; path = "FeedViewControllerTests+Localization.swift"; sourceTree = "<group>"; };
		735788982AE5326E00030C88 /* MainQueueDispatchDecorator.swift */ = {isa = PBXFileReference; lastKnownFileType = sourcecode.swift; path = MainQueueDispatchDecorator.swift; sourceTree = "<group>"; };
		7357889A2AE532C600030C88 /* WeakRefVirtualProxy.swift */ = {isa = PBXFileReference; lastKnownFileType = sourcecode.swift; path = WeakRefVirtualProxy.swift; sourceTree = "<group>"; };
		7357889C2AE532FB00030C88 /* FeedImageDataLoaderPresentationAdapter.swift */ = {isa = PBXFileReference; lastKnownFileType = sourcecode.swift; path = FeedImageDataLoaderPresentationAdapter.swift; sourceTree = "<group>"; };
		7357889E2AE5333000030C88 /* FeedLoaderPresentationAdapter.swift */ = {isa = PBXFileReference; lastKnownFileType = sourcecode.swift; path = FeedLoaderPresentationAdapter.swift; sourceTree = "<group>"; };
		735788A02AE5336B00030C88 /* FeedViewAdapter.swift */ = {isa = PBXFileReference; lastKnownFileType = sourcecode.swift; path = FeedViewAdapter.swift; sourceTree = "<group>"; };
		735788A32AEAC30C00030C88 /* FeedPresenterTests.swift */ = {isa = PBXFileReference; lastKnownFileType = sourcecode.swift; path = FeedPresenterTests.swift; sourceTree = "<group>"; };
		735788A52AEC1DC100030C88 /* ErrorView.swift */ = {isa = PBXFileReference; lastKnownFileType = sourcecode.swift; path = ErrorView.swift; sourceTree = "<group>"; };
		735788AA2AED037E00030C88 /* UIRefreshControl+Helpers.swift */ = {isa = PBXFileReference; lastKnownFileType = sourcecode.swift; path = "UIRefreshControl+Helpers.swift"; sourceTree = "<group>"; };
		735926132AA348900083C799 /* FeedStoreSpecs.swift */ = {isa = PBXFileReference; lastKnownFileType = sourcecode.swift; path = FeedStoreSpecs.swift; sourceTree = "<group>"; };
		735926152AA349320083C799 /* XCTestCase+FeedStoreSpecs.swift */ = {isa = PBXFileReference; lastKnownFileType = sourcecode.swift; path = "XCTestCase+FeedStoreSpecs.swift"; sourceTree = "<group>"; };
		73605B352AEE7E5A00AF79EC /* FeedImagePresenterTests.swift */ = {isa = PBXFileReference; lastKnownFileType = sourcecode.swift; path = FeedImagePresenterTests.swift; sourceTree = "<group>"; };
		73605B372AEECFC200AF79EC /* FeedImagePresenter.swift */ = {isa = PBXFileReference; lastKnownFileType = sourcecode.swift; path = FeedImagePresenter.swift; sourceTree = "<group>"; };
		73605B392AEED0D100AF79EC /* FeedImageViewModel.swift */ = {isa = PBXFileReference; lastKnownFileType = sourcecode.swift; path = FeedImageViewModel.swift; sourceTree = "<group>"; };
		7377A9C02ACB516500CEA604 /* FeediOS.framework */ = {isa = PBXFileReference; explicitFileType = wrapper.framework; includeInIndex = 0; path = FeediOS.framework; sourceTree = BUILT_PRODUCTS_DIR; };
		7377A9C32ACB516500CEA604 /* FeediOS.docc */ = {isa = PBXFileReference; lastKnownFileType = folder.documentationcatalog; path = FeediOS.docc; sourceTree = "<group>"; };
		7377A9C92ACB516500CEA604 /* FeediOSTests.xctest */ = {isa = PBXFileReference; explicitFileType = wrapper.cfbundle; includeInIndex = 0; path = FeediOSTests.xctest; sourceTree = BUILT_PRODUCTS_DIR; };
		73B4C2232AD1830C00C563C1 /* FeedViewController.swift */ = {isa = PBXFileReference; lastKnownFileType = sourcecode.swift; path = FeedViewController.swift; sourceTree = "<group>"; };
		73B4C2252AD2BDC100C563C1 /* FeedImageCell.swift */ = {isa = PBXFileReference; lastKnownFileType = sourcecode.swift; path = FeedImageCell.swift; sourceTree = "<group>"; };
		73B4C2272AD31AA900C563C1 /* UIView+Shimmering.swift */ = {isa = PBXFileReference; lastKnownFileType = sourcecode.swift; path = "UIView+Shimmering.swift"; sourceTree = "<group>"; };
		73B7E9812A82B11300ABE056 /* FeedCachePolicy.swift */ = {isa = PBXFileReference; lastKnownFileType = sourcecode.swift; path = FeedCachePolicy.swift; sourceTree = "<group>"; };
		73B7E9832A85445900ABE056 /* CodableFeedStoreTests.swift */ = {isa = PBXFileReference; lastKnownFileType = sourcecode.swift; path = CodableFeedStoreTests.swift; sourceTree = "<group>"; };
		73B7E9852A920EF500ABE056 /* CodableFeedStore.swift */ = {isa = PBXFileReference; lastKnownFileType = sourcecode.swift; path = CodableFeedStore.swift; sourceTree = "<group>"; };
		73E14F902AD04C9F0055004C /* FeedUIIntegrationTests.swift */ = {isa = PBXFileReference; lastKnownFileType = sourcecode.swift; path = FeedUIIntegrationTests.swift; sourceTree = "<group>"; };
		73EB0F822ACB524C00B0E8AC /* FeediOS.xctestplan */ = {isa = PBXFileReference; lastKnownFileType = text; path = FeediOS.xctestplan; sourceTree = SOURCE_ROOT; };
/* End PBXFileReference section */

/* Begin PBXFrameworksBuildPhase section */
		4A0AE46C293BBF66009D95C1 /* Frameworks */ = {
			isa = PBXFrameworksBuildPhase;
			buildActionMask = 2147483647;
			files = (
			);
			runOnlyForDeploymentPostprocessing = 0;
		};
		4A0AE474293BBF66009D95C1 /* Frameworks */ = {
			isa = PBXFrameworksBuildPhase;
			buildActionMask = 2147483647;
			files = (
				4A0AE478293BBF66009D95C1 /* Feed.framework in Frameworks */,
			);
			runOnlyForDeploymentPostprocessing = 0;
		};
		4A69A914295F5982006FAD1D /* Frameworks */ = {
			isa = PBXFrameworksBuildPhase;
			buildActionMask = 2147483647;
			files = (
				4A69A91B295F5982006FAD1D /* Feed.framework in Frameworks */,
			);
			runOnlyForDeploymentPostprocessing = 0;
		};
		7377A9BD2ACB516500CEA604 /* Frameworks */ = {
			isa = PBXFrameworksBuildPhase;
			buildActionMask = 2147483647;
			files = (
				73E14F932AD04F750055004C /* Feed.framework in Frameworks */,
			);
			runOnlyForDeploymentPostprocessing = 0;
		};
		7377A9C62ACB516500CEA604 /* Frameworks */ = {
			isa = PBXFrameworksBuildPhase;
			buildActionMask = 2147483647;
			files = (
				7377A9CA2ACB516500CEA604 /* FeediOS.framework in Frameworks */,
			);
			runOnlyForDeploymentPostprocessing = 0;
		};
/* End PBXFrameworksBuildPhase section */

/* Begin PBXGroup section */
		4A0AE465293BBF66009D95C1 = {
			isa = PBXGroup;
			children = (
				4A0AE471293BBF66009D95C1 /* Feed */,
				4A0AE47B293BBF66009D95C1 /* FeedTests */,
				4A69A918295F5982006FAD1D /* FeedAPIEndToEndTests */,
				7377A9C12ACB516500CEA604 /* FeediOS */,
				7377A9CD2ACB516500CEA604 /* FeediOSTests */,
				4A0AE470293BBF66009D95C1 /* Products */,
				73E14F922AD04F750055004C /* Frameworks */,
			);
			sourceTree = "<group>";
		};
		4A0AE470293BBF66009D95C1 /* Products */ = {
			isa = PBXGroup;
			children = (
				4A0AE46F293BBF66009D95C1 /* Feed.framework */,
				4A0AE477293BBF66009D95C1 /* FeedTests.xctest */,
				4A69A917295F5982006FAD1D /* FeedAPIEndToEndTests.xctest */,
				7377A9C02ACB516500CEA604 /* FeediOS.framework */,
				7377A9C92ACB516500CEA604 /* FeediOSTests.xctest */,
			);
			name = Products;
			sourceTree = "<group>";
		};
		4A0AE471293BBF66009D95C1 /* Feed */ = {
			isa = PBXGroup;
			children = (
				4A0AE48E293D2589009D95C1 /* Feed API */,
				4AA53A9C29786A6100D2B713 /* Feed Cache */,
				4A0AE48B293BC0F1009D95C1 /* Feed Feature */,
				7303D6962AED68BB0072D254 /* Feed Presentation */,
			);
			path = Feed;
			sourceTree = "<group>";
		};
		4A0AE47B293BBF66009D95C1 /* FeedTests */ = {
			isa = PBXGroup;
			children = (
				4A4952AD294495D10010A69F /* Helpers */,
				4A98976B294F2FF2001B4427 /* Feed API */,
				4A4C44D8296DEB4B00735FE6 /* Feed Cache */,
				735788A22AEAC2F100030C88 /* Feed Presentation */,
			);
			path = FeedTests;
			sourceTree = "<group>";
		};
		4A0AE48B293BC0F1009D95C1 /* Feed Feature */ = {
			isa = PBXGroup;
			children = (
				4A0AE487293BBF94009D95C1 /* FeedImage.swift */,
				735788712ADAA00200030C88 /* FeedImageDataLoader.swift */,
				4A0AE489293BC043009D95C1 /* FeedLoader.swift */,
			);
			path = "Feed Feature";
			sourceTree = "<group>";
		};
		4A0AE48E293D2589009D95C1 /* Feed API */ = {
			isa = PBXGroup;
			children = (
				733E0AA72AF3AE2900C8D9BE /* Helpers */,
				4AE2EBDF294669D600AACDC1 /* FeedItemsMapper.swift */,
				4AE2EBDD2946697F00AACDC1 /* HTTPClient.swift */,
				733E0AA52AF3AA2E00C8D9BE /* RemoteFeedImageDataLoader.swift */,
				4A207A0529859DD8002A75DB /* RemoteFeedItem.swift */,
				4A0AE48F293D259B009D95C1 /* RemoteFeedLoader.swift */,
				4A13647D295F3EB3008CA68C /* URLSessionHTTPClient.swift */,
			);
			path = "Feed API";
			sourceTree = "<group>";
		};
		4A4952AD294495D10010A69F /* Helpers */ = {
			isa = PBXGroup;
			children = (
				4A4952AE294495EC0010A69F /* XCTest+Extension.swift */,
				4A19ACC92955D7AF0007C25D /* XCTestCase+MemoryLeakTracking.swift */,
				4A26C06029E1DDA8000848F4 /* SharedTestHelpers.swift */,
			);
			path = Helpers;
			sourceTree = "<group>";
		};
		4A4C44D8296DEB4B00735FE6 /* Feed Cache */ = {
			isa = PBXGroup;
			children = (
				4A6BB2E82992CE3600EAE4E9 /* Helpers */,
				4A4C44D9296DEB7600735FE6 /* CacheFeedUseCaseTests.swift */,
				73B7E9832A85445900ABE056 /* CodableFeedStoreTests.swift */,
				733E0AB82AF3C21500C8D9BE /* CoreDataFeedStoreTests.swift */,
				735926132AA348900083C799 /* FeedStoreSpecs.swift */,
				4A6BB2E62992CCAB00EAE4E9 /* LoadFeedFromCacheUseCaseTests.swift */,
				4A26C05C29E1D5C8000848F4 /* ValidateFeedCacheUseCaseTests.swift */,
				735926152AA349320083C799 /* XCTestCase+FeedStoreSpecs.swift */,
			);
			path = "Feed Cache";
			sourceTree = "<group>";
		};
		4A69A918295F5982006FAD1D /* FeedAPIEndToEndTests */ = {
			isa = PBXGroup;
			children = (
				4A69A919295F5982006FAD1D /* FeedAPIEndToEndTests.swift */,
			);
			path = FeedAPIEndToEndTests;
			sourceTree = "<group>";
		};
		4A6BB2E82992CE3600EAE4E9 /* Helpers */ = {
			isa = PBXGroup;
			children = (
				4A6BB2E92992CE4400EAE4E9 /* FeedStoreSpy.swift */,
				4A26C05E29E1DCD9000848F4 /* FeedCacheTestHelpers.swift */,
			);
			path = Helpers;
			sourceTree = "<group>";
		};
		4A98976B294F2FF2001B4427 /* Feed API */ = {
			isa = PBXGroup;
			children = (
				733E0AA22AF3A97300C8D9BE /* Helpers */,
				4A0AE48C293BC450009D95C1 /* LoadFeedFromRemoteUseCaseTests.swift */,
				733E0AA02AF2BEFE00C8D9BE /* LoadFeedImageDataFromRemoteUseCaseTests.swift */,
				4A19ACC72954D1740007C25D /* URLSessionHTTPClientTests.swift */,
			);
			path = "Feed API";
			sourceTree = "<group>";
		};
		4AA53A9C29786A6100D2B713 /* Feed Cache */ = {
			isa = PBXGroup;
			children = (
				73B7E9852A920EF500ABE056 /* CodableFeedStore.swift */,
				73B7E9812A82B11300ABE056 /* FeedCachePolicy.swift */,
				4AA53A9F29786AE200D2B713 /* FeedStore.swift */,
				4A207A0729859E0C002A75DB /* LocalFeedImage.swift */,
				4AA53A9D29786A7400D2B713 /* LocalFeedLoader.swift */,
			);
			path = "Feed Cache";
			sourceTree = "<group>";
		};
		7303D6962AED68BB0072D254 /* Feed Presentation */ = {
			isa = PBXGroup;
			children = (
				7303D69E2AEE739C0072D254 /* FeedErrorViewModel.swift */,
				73605B372AEECFC200AF79EC /* FeedImagePresenter.swift */,
				73605B392AEED0D100AF79EC /* FeedImageViewModel.swift */,
				7303D69C2AEE73650072D254 /* FeedLoadingViewModel.swift */,
				7303D6972AED68CE0072D254 /* FeedPresenter.swift */,
				7303D69A2AEE732E0072D254 /* FeedViewModel.swift */,
				7303D6942AED67510072D254 /* Feed.strings */,
			);
			path = "Feed Presentation";
			sourceTree = "<group>";
		};
		733E0AA22AF3A97300C8D9BE /* Helpers */ = {
			isa = PBXGroup;
			children = (
				733E0AA32AF3A97E00C8D9BE /* HTTPClientSpy.swift */,
				733E0AAA2AF3AEC500C8D9BE /* URLProtocolStub.swift */,
			);
			path = Helpers;
			sourceTree = "<group>";
		};
		733E0AA72AF3AE2900C8D9BE /* Helpers */ = {
			isa = PBXGroup;
			children = (
				733E0AA82AF3AE3500C8D9BE /* HTTPURLResponse+StatusCode.swift */,
			);
			path = Helpers;
			sourceTree = "<group>";
		};
		735788592AD7F32700030C88 /* Helpers */ = {
			isa = PBXGroup;
			children = (
				735788672ADA9DBA00030C88 /* FeedImageCell+TestHelpers.swift */,
				735788652ADA9D0900030C88 /* FeedViewController+TestHelpers.swift */,
				7357886B2ADA9EB900030C88 /* FeedViewControllerTests+Assertions.swift */,
				735788692ADA9E0100030C88 /* FeedViewControllerTests+LoaderSpy.swift */,
				735788922AE42A7E00030C88 /* FeedViewControllerTests+Localization.swift */,
				7357885E2AD7F3E000030C88 /* UIButton+TestHelper.swift */,
				735788602AD7F4AA00030C88 /* UIControl+TestHelpers.swift */,
				7357885A2AD7F33100030C88 /* UIImage+TestHelpers.swift */,
				7357885C2AD7F37D00030C88 /* UIRefreshControl+TestHelper.swift */,
			);
			path = Helpers;
			sourceTree = "<group>";
		};
		735788622ADA9C7A00030C88 /* Controllers */ = {
			isa = PBXGroup;
			children = (
				735788752ADAA5D000030C88 /* FeedImageCellController.swift */,
				73B4C2232AD1830C00C563C1 /* FeedViewController.swift */,
			);
			path = Controllers;
			sourceTree = "<group>";
		};
		735788632ADA9C8600030C88 /* Views */ = {
			isa = PBXGroup;
			children = (
				735788A72AED021900030C88 /* Helpers */,
				735788A52AEC1DC100030C88 /* ErrorView.swift */,
				735788882AE1956A00030C88 /* Feed.storyboard */,
				73B4C2252AD2BDC100C563C1 /* FeedImageCell.swift */,
				7357888A2AE1957800030C88 /* Feed.xcassets */,
			);
			path = Views;
			sourceTree = "<group>";
		};
		7357886D2ADA9F4300030C88 /* Feed UI */ = {
			isa = PBXGroup;
			children = (
				735788772ADAAADD00030C88 /* Composers */,
				735788622ADA9C7A00030C88 /* Controllers */,
				735788632ADA9C8600030C88 /* Views */,
			);
			path = "Feed UI";
			sourceTree = "<group>";
		};
		7357886E2ADA9F5900030C88 /* Feed UI */ = {
			isa = PBXGroup;
			children = (
				73E14F902AD04C9F0055004C /* FeedUIIntegrationTests.swift */,
				735788592AD7F32700030C88 /* Helpers */,
			);
			path = "Feed UI";
			sourceTree = "<group>";
		};
		735788772ADAAADD00030C88 /* Composers */ = {
			isa = PBXGroup;
			children = (
				7357889C2AE532FB00030C88 /* FeedImageDataLoaderPresentationAdapter.swift */,
				7357889E2AE5333000030C88 /* FeedLoaderPresentationAdapter.swift */,
				735788A02AE5336B00030C88 /* FeedViewAdapter.swift */,
				735788782ADAAAE300030C88 /* FeedUIComposer.swift */,
				735788982AE5326E00030C88 /* MainQueueDispatchDecorator.swift */,
				7357889A2AE532C600030C88 /* WeakRefVirtualProxy.swift */,
			);
			path = Composers;
			sourceTree = "<group>";
		};
		735788A22AEAC2F100030C88 /* Feed Presentation */ = {
			isa = PBXGroup;
			children = (
				7303D6A02AEE76740072D254 /* FeedLocalizationTests.swift */,
				73605B352AEE7E5A00AF79EC /* FeedImagePresenterTests.swift */,
				735788A32AEAC30C00030C88 /* FeedPresenterTests.swift */,
			);
			path = "Feed Presentation";
			sourceTree = "<group>";
		};
		735788A72AED021900030C88 /* Helpers */ = {
			isa = PBXGroup;
			children = (
				7357888E2AE1A1C500030C88 /* UIImageView+Animations.swift */,
				735788AA2AED037E00030C88 /* UIRefreshControl+Helpers.swift */,
				7357888C2AE1A0CB00030C88 /* UITableView+Dequeueing.swift */,
				73B4C2272AD31AA900C563C1 /* UIView+Shimmering.swift */,
			);
			path = Helpers;
			sourceTree = "<group>";
		};
		7377A9C12ACB516500CEA604 /* FeediOS */ = {
			isa = PBXGroup;
			children = (
				7357886D2ADA9F4300030C88 /* Feed UI */,
				7377A9C32ACB516500CEA604 /* FeediOS.docc */,
			);
			path = FeediOS;
			sourceTree = "<group>";
		};
		7377A9CD2ACB516500CEA604 /* FeediOSTests */ = {
			isa = PBXGroup;
			children = (
				7357886E2ADA9F5900030C88 /* Feed UI */,
				73EB0F822ACB524C00B0E8AC /* FeediOS.xctestplan */,
			);
			path = FeediOSTests;
			sourceTree = "<group>";
		};
		73E14F922AD04F750055004C /* Frameworks */ = {
			isa = PBXGroup;
			children = (
			);
			name = Frameworks;
			sourceTree = "<group>";
		};
/* End PBXGroup section */

/* Begin PBXHeadersBuildPhase section */
		4A0AE46A293BBF66009D95C1 /* Headers */ = {
			isa = PBXHeadersBuildPhase;
			buildActionMask = 2147483647;
			files = (
			);
			runOnlyForDeploymentPostprocessing = 0;
		};
		7377A9BB2ACB516500CEA604 /* Headers */ = {
			isa = PBXHeadersBuildPhase;
			buildActionMask = 2147483647;
			files = (
			);
			runOnlyForDeploymentPostprocessing = 0;
		};
/* End PBXHeadersBuildPhase section */

/* Begin PBXNativeTarget section */
		4A0AE46E293BBF66009D95C1 /* Feed */ = {
			isa = PBXNativeTarget;
			buildConfigurationList = 4A0AE481293BBF66009D95C1 /* Build configuration list for PBXNativeTarget "Feed" */;
			buildPhases = (
				4A0AE46A293BBF66009D95C1 /* Headers */,
				4A0AE46B293BBF66009D95C1 /* Sources */,
				4A0AE46C293BBF66009D95C1 /* Frameworks */,
				4A0AE46D293BBF66009D95C1 /* Resources */,
			);
			buildRules = (
			);
			dependencies = (
			);
			name = Feed;
			productName = Feed;
			productReference = 4A0AE46F293BBF66009D95C1 /* Feed.framework */;
			productType = "com.apple.product-type.framework";
		};
		4A0AE476293BBF66009D95C1 /* FeedTests */ = {
			isa = PBXNativeTarget;
			buildConfigurationList = 4A0AE484293BBF66009D95C1 /* Build configuration list for PBXNativeTarget "FeedTests" */;
			buildPhases = (
				4A0AE473293BBF66009D95C1 /* Sources */,
				4A0AE474293BBF66009D95C1 /* Frameworks */,
				4A0AE475293BBF66009D95C1 /* Resources */,
			);
			buildRules = (
			);
			dependencies = (
				4A0AE47A293BBF66009D95C1 /* PBXTargetDependency */,
			);
			name = FeedTests;
			productName = FeedTests;
			productReference = 4A0AE477293BBF66009D95C1 /* FeedTests.xctest */;
			productType = "com.apple.product-type.bundle.unit-test";
		};
		4A69A916295F5982006FAD1D /* FeedAPIEndToEndTests */ = {
			isa = PBXNativeTarget;
			buildConfigurationList = 4A69A920295F5982006FAD1D /* Build configuration list for PBXNativeTarget "FeedAPIEndToEndTests" */;
			buildPhases = (
				4A69A913295F5982006FAD1D /* Sources */,
				4A69A914295F5982006FAD1D /* Frameworks */,
				4A69A915295F5982006FAD1D /* Resources */,
			);
			buildRules = (
			);
			dependencies = (
				4A69A91D295F5982006FAD1D /* PBXTargetDependency */,
			);
			name = FeedAPIEndToEndTests;
			productName = FeedAPIEndToEndTests;
			productReference = 4A69A917295F5982006FAD1D /* FeedAPIEndToEndTests.xctest */;
			productType = "com.apple.product-type.bundle.unit-test";
		};
		7377A9BF2ACB516500CEA604 /* FeediOS */ = {
			isa = PBXNativeTarget;
			buildConfigurationList = 7377A9D12ACB516500CEA604 /* Build configuration list for PBXNativeTarget "FeediOS" */;
			buildPhases = (
				7377A9BB2ACB516500CEA604 /* Headers */,
				7377A9BC2ACB516500CEA604 /* Sources */,
				7377A9BD2ACB516500CEA604 /* Frameworks */,
				7377A9BE2ACB516500CEA604 /* Resources */,
				73E14F972AD04F760055004C /* Embed Frameworks */,
			);
			buildRules = (
			);
			dependencies = (
				73E14F962AD04F750055004C /* PBXTargetDependency */,
			);
			name = FeediOS;
			productName = FeediOS;
			productReference = 7377A9C02ACB516500CEA604 /* FeediOS.framework */;
			productType = "com.apple.product-type.framework";
		};
		7377A9C82ACB516500CEA604 /* FeediOSTests */ = {
			isa = PBXNativeTarget;
			buildConfigurationList = 7377A9D42ACB516500CEA604 /* Build configuration list for PBXNativeTarget "FeediOSTests" */;
			buildPhases = (
				7377A9C52ACB516500CEA604 /* Sources */,
				7377A9C62ACB516500CEA604 /* Frameworks */,
				7377A9C72ACB516500CEA604 /* Resources */,
			);
			buildRules = (
			);
			dependencies = (
				7377A9CC2ACB516500CEA604 /* PBXTargetDependency */,
			);
			name = FeediOSTests;
			productName = FeediOSTests;
			productReference = 7377A9C92ACB516500CEA604 /* FeediOSTests.xctest */;
			productType = "com.apple.product-type.bundle.unit-test";
		};
/* End PBXNativeTarget section */

/* Begin PBXProject section */
		4A0AE466293BBF66009D95C1 /* Project object */ = {
			isa = PBXProject;
			attributes = {
				BuildIndependentTargetsInParallel = 1;
				LastSwiftUpdateCheck = 1430;
				LastUpgradeCheck = 1420;
				TargetAttributes = {
					4A0AE46E293BBF66009D95C1 = {
						CreatedOnToolsVersion = 14.0;
						LastSwiftMigration = 1400;
					};
					4A0AE476293BBF66009D95C1 = {
						CreatedOnToolsVersion = 14.0;
					};
					4A69A916295F5982006FAD1D = {
						CreatedOnToolsVersion = 14.2;
					};
					7377A9BF2ACB516500CEA604 = {
						CreatedOnToolsVersion = 14.3.1;
					};
					7377A9C82ACB516500CEA604 = {
						CreatedOnToolsVersion = 14.3.1;
						LastSwiftMigration = 1430;
					};
				};
			};
			buildConfigurationList = 4A0AE469293BBF66009D95C1 /* Build configuration list for PBXProject "Feed" */;
			compatibilityVersion = "Xcode 14.0";
			developmentRegion = en;
			hasScannedForEncodings = 0;
			knownRegions = (
				en,
				Base,
				es,
			);
			mainGroup = 4A0AE465293BBF66009D95C1;
			productRefGroup = 4A0AE470293BBF66009D95C1 /* Products */;
			projectDirPath = "";
			projectRoot = "";
			targets = (
				4A0AE46E293BBF66009D95C1 /* Feed */,
				4A0AE476293BBF66009D95C1 /* FeedTests */,
				4A69A916295F5982006FAD1D /* FeedAPIEndToEndTests */,
				7377A9BF2ACB516500CEA604 /* FeediOS */,
				7377A9C82ACB516500CEA604 /* FeediOSTests */,
			);
		};
/* End PBXProject section */

/* Begin PBXResourcesBuildPhase section */
		4A0AE46D293BBF66009D95C1 /* Resources */ = {
			isa = PBXResourcesBuildPhase;
			buildActionMask = 2147483647;
			files = (
				7303D6992AEE72D10072D254 /* Feed.strings in Resources */,
			);
			runOnlyForDeploymentPostprocessing = 0;
		};
		4A0AE475293BBF66009D95C1 /* Resources */ = {
			isa = PBXResourcesBuildPhase;
			buildActionMask = 2147483647;
			files = (
			);
			runOnlyForDeploymentPostprocessing = 0;
		};
		4A69A915295F5982006FAD1D /* Resources */ = {
			isa = PBXResourcesBuildPhase;
			buildActionMask = 2147483647;
			files = (
			);
			runOnlyForDeploymentPostprocessing = 0;
		};
		7377A9BE2ACB516500CEA604 /* Resources */ = {
			isa = PBXResourcesBuildPhase;
			buildActionMask = 2147483647;
			files = (
				735788892AE1956A00030C88 /* Feed.storyboard in Resources */,
				7357888B2AE1957800030C88 /* Feed.xcassets in Resources */,
			);
			runOnlyForDeploymentPostprocessing = 0;
		};
		7377A9C72ACB516500CEA604 /* Resources */ = {
			isa = PBXResourcesBuildPhase;
			buildActionMask = 2147483647;
			files = (
			);
			runOnlyForDeploymentPostprocessing = 0;
		};
/* End PBXResourcesBuildPhase section */

/* Begin PBXSourcesBuildPhase section */
		4A0AE46B293BBF66009D95C1 /* Sources */ = {
			isa = PBXSourcesBuildPhase;
			buildActionMask = 2147483647;
			files = (
				7303D6982AED68CE0072D254 /* FeedPresenter.swift in Sources */,
				4AE2EBE0294669D600AACDC1 /* FeedItemsMapper.swift in Sources */,
				4A0AE48A293BC043009D95C1 /* FeedLoader.swift in Sources */,
				4A207A0629859DD8002A75DB /* RemoteFeedItem.swift in Sources */,
				73B7E9822A82B11300ABE056 /* FeedCachePolicy.swift in Sources */,
				4A0AE490293D259B009D95C1 /* RemoteFeedLoader.swift in Sources */,
				733E0AA62AF3AA2E00C8D9BE /* RemoteFeedImageDataLoader.swift in Sources */,
				4A207A0829859E0C002A75DB /* LocalFeedImage.swift in Sources */,
				7303D69D2AEE73650072D254 /* FeedLoadingViewModel.swift in Sources */,
				4AA53AA029786AE200D2B713 /* FeedStore.swift in Sources */,
				4AA53A9E29786A7400D2B713 /* LocalFeedLoader.swift in Sources */,
				7303D69B2AEE732E0072D254 /* FeedViewModel.swift in Sources */,
				73B7E9862A920EF500ABE056 /* CodableFeedStore.swift in Sources */,
				4AE2EBDE2946697F00AACDC1 /* HTTPClient.swift in Sources */,
				73605B382AEECFC200AF79EC /* FeedImagePresenter.swift in Sources */,
				733E0A9F2AF2B62F00C8D9BE /* FeedImageDataLoader.swift in Sources */,
				733E0AA92AF3AE3500C8D9BE /* HTTPURLResponse+StatusCode.swift in Sources */,
				73605B3A2AEED0D100AF79EC /* FeedImageViewModel.swift in Sources */,
				7303D69F2AEE739C0072D254 /* FeedErrorViewModel.swift in Sources */,
				4A0AE488293BBF95009D95C1 /* FeedImage.swift in Sources */,
				4A13647E295F3EB3008CA68C /* URLSessionHTTPClient.swift in Sources */,
			);
			runOnlyForDeploymentPostprocessing = 0;
		};
		4A0AE473293BBF66009D95C1 /* Sources */ = {
			isa = PBXSourcesBuildPhase;
			buildActionMask = 2147483647;
			files = (
				735926162AA349320083C799 /* XCTestCase+FeedStoreSpecs.swift in Sources */,
				73B7E9842A85445900ABE056 /* CodableFeedStoreTests.swift in Sources */,
				733E0AB92AF3C21500C8D9BE /* CoreDataFeedStoreTests.swift in Sources */,
				4A4952AF294495EC0010A69F /* XCTest+Extension.swift in Sources */,
				4A19ACCA2955D7AF0007C25D /* XCTestCase+MemoryLeakTracking.swift in Sources */,
				735788A42AEAC30C00030C88 /* FeedPresenterTests.swift in Sources */,
				4A26C06129E1DDA8000848F4 /* SharedTestHelpers.swift in Sources */,
				4A6BB2E72992CCAB00EAE4E9 /* LoadFeedFromCacheUseCaseTests.swift in Sources */,
				733E0AA42AF3A97E00C8D9BE /* HTTPClientSpy.swift in Sources */,
				733E0AA12AF2BEFE00C8D9BE /* LoadFeedImageDataFromRemoteUseCaseTests.swift in Sources */,
				4A19ACC82954D1740007C25D /* URLSessionHTTPClientTests.swift in Sources */,
				7303D6A12AEE76740072D254 /* FeedLocalizationTests.swift in Sources */,
				4A26C05F29E1DCD9000848F4 /* FeedCacheTestHelpers.swift in Sources */,
				73605B362AEE7E5A00AF79EC /* FeedImagePresenterTests.swift in Sources */,
				4A26C05D29E1D5C8000848F4 /* ValidateFeedCacheUseCaseTests.swift in Sources */,
				4A6BB2EA2992CE4400EAE4E9 /* FeedStoreSpy.swift in Sources */,
				733E0AAB2AF3AEC500C8D9BE /* URLProtocolStub.swift in Sources */,
				4A4C44DA296DEB7600735FE6 /* CacheFeedUseCaseTests.swift in Sources */,
				735926142AA348900083C799 /* FeedStoreSpecs.swift in Sources */,
				4A0AE48D293BC450009D95C1 /* LoadFeedFromRemoteUseCaseTests.swift in Sources */,
			);
			runOnlyForDeploymentPostprocessing = 0;
		};
		4A69A913295F5982006FAD1D /* Sources */ = {
			isa = PBXSourcesBuildPhase;
			buildActionMask = 2147483647;
			files = (
				4A69A91A295F5982006FAD1D /* FeedAPIEndToEndTests.swift in Sources */,
				4A266C3C295F6246009A7B49 /* XCTestCase+MemoryLeakTracking.swift in Sources */,
			);
			runOnlyForDeploymentPostprocessing = 0;
		};
		7377A9BC2ACB516500CEA604 /* Sources */ = {
			isa = PBXSourcesBuildPhase;
			buildActionMask = 2147483647;
			files = (
				735788992AE5326E00030C88 /* MainQueueDispatchDecorator.swift in Sources */,
				7357889B2AE532C600030C88 /* WeakRefVirtualProxy.swift in Sources */,
				735788792ADAAAE300030C88 /* FeedUIComposer.swift in Sources */,
				73B4C2242AD1830C00C563C1 /* FeedViewController.swift in Sources */,
				7357888D2AE1A0CB00030C88 /* UITableView+Dequeueing.swift in Sources */,
				7357888F2AE1A1C500030C88 /* UIImageView+Animations.swift in Sources */,
				735788762ADAA5D000030C88 /* FeedImageCellController.swift in Sources */,
				7357889F2AE5333000030C88 /* FeedLoaderPresentationAdapter.swift in Sources */,
				735788A12AE5336B00030C88 /* FeedViewAdapter.swift in Sources */,
				735788AB2AED037E00030C88 /* UIRefreshControl+Helpers.swift in Sources */,
				73B4C2282AD31AA900C563C1 /* UIView+Shimmering.swift in Sources */,
				735788A62AEC1DC100030C88 /* ErrorView.swift in Sources */,
				7357889D2AE532FB00030C88 /* FeedImageDataLoaderPresentationAdapter.swift in Sources */,
				73B4C2262AD2BDC100C563C1 /* FeedImageCell.swift in Sources */,
				7377A9C42ACB516500CEA604 /* FeediOS.docc in Sources */,
			);
			runOnlyForDeploymentPostprocessing = 0;
		};
		7377A9C52ACB516500CEA604 /* Sources */ = {
			isa = PBXSourcesBuildPhase;
			buildActionMask = 2147483647;
			files = (
				73E14F912AD04C9F0055004C /* FeedUIIntegrationTests.swift in Sources */,
				7357886C2ADA9EB900030C88 /* FeedViewControllerTests+Assertions.swift in Sources */,
				7357885F2AD7F3E000030C88 /* UIButton+TestHelper.swift in Sources */,
				73E14F9B2AD053E50055004C /* XCTestCase+MemoryLeakTracking.swift in Sources */,
				735788612AD7F4AA00030C88 /* UIControl+TestHelpers.swift in Sources */,
				7357886A2ADA9E0100030C88 /* FeedViewControllerTests+LoaderSpy.swift in Sources */,
				7357885B2AD7F33100030C88 /* UIImage+TestHelpers.swift in Sources */,
				735788662ADA9D0900030C88 /* FeedViewController+TestHelpers.swift in Sources */,
				7357885D2AD7F37D00030C88 /* UIRefreshControl+TestHelper.swift in Sources */,
				735788682ADA9DBA00030C88 /* FeedImageCell+TestHelpers.swift in Sources */,
				735788932AE42A7E00030C88 /* FeedViewControllerTests+Localization.swift in Sources */,
			);
			runOnlyForDeploymentPostprocessing = 0;
		};
/* End PBXSourcesBuildPhase section */

/* Begin PBXTargetDependency section */
		4A0AE47A293BBF66009D95C1 /* PBXTargetDependency */ = {
			isa = PBXTargetDependency;
			target = 4A0AE46E293BBF66009D95C1 /* Feed */;
			targetProxy = 4A0AE479293BBF66009D95C1 /* PBXContainerItemProxy */;
		};
		4A69A91D295F5982006FAD1D /* PBXTargetDependency */ = {
			isa = PBXTargetDependency;
			target = 4A0AE46E293BBF66009D95C1 /* Feed */;
			targetProxy = 4A69A91C295F5982006FAD1D /* PBXContainerItemProxy */;
		};
		7377A9CC2ACB516500CEA604 /* PBXTargetDependency */ = {
			isa = PBXTargetDependency;
			target = 7377A9BF2ACB516500CEA604 /* FeediOS */;
			targetProxy = 7377A9CB2ACB516500CEA604 /* PBXContainerItemProxy */;
		};
		73E14F962AD04F750055004C /* PBXTargetDependency */ = {
			isa = PBXTargetDependency;
			platformFilter = ios;
			target = 4A0AE46E293BBF66009D95C1 /* Feed */;
			targetProxy = 73E14F952AD04F750055004C /* PBXContainerItemProxy */;
		};
/* End PBXTargetDependency section */

/* Begin PBXVariantGroup section */
		7303D6942AED67510072D254 /* Feed.strings */ = {
			isa = PBXVariantGroup;
			children = (
				7303D6932AED67510072D254 /* en */,
				7303D6952AED67540072D254 /* es */,
			);
			name = Feed.strings;
			sourceTree = "<group>";
		};
/* End PBXVariantGroup section */

/* Begin XCBuildConfiguration section */
		4A0AE47F293BBF66009D95C1 /* Debug */ = {
			isa = XCBuildConfiguration;
			buildSettings = {
				ALWAYS_SEARCH_USER_PATHS = NO;
				CLANG_ANALYZER_LOCALIZABILITY_NONLOCALIZED = YES;
				CLANG_ANALYZER_NONNULL = YES;
				CLANG_ANALYZER_NUMBER_OBJECT_CONVERSION = YES_AGGRESSIVE;
				CLANG_CXX_LANGUAGE_STANDARD = "gnu++20";
				CLANG_ENABLE_MODULES = YES;
				CLANG_ENABLE_OBJC_ARC = YES;
				CLANG_ENABLE_OBJC_WEAK = YES;
				CLANG_WARN_BLOCK_CAPTURE_AUTORELEASING = YES;
				CLANG_WARN_BOOL_CONVERSION = YES;
				CLANG_WARN_COMMA = YES;
				CLANG_WARN_CONSTANT_CONVERSION = YES;
				CLANG_WARN_DEPRECATED_OBJC_IMPLEMENTATIONS = YES;
				CLANG_WARN_DIRECT_OBJC_ISA_USAGE = YES_ERROR;
				CLANG_WARN_DOCUMENTATION_COMMENTS = YES;
				CLANG_WARN_EMPTY_BODY = YES;
				CLANG_WARN_ENUM_CONVERSION = YES;
				CLANG_WARN_INFINITE_RECURSION = YES;
				CLANG_WARN_INT_CONVERSION = YES;
				CLANG_WARN_NON_LITERAL_NULL_CONVERSION = YES;
				CLANG_WARN_OBJC_IMPLICIT_RETAIN_SELF = YES;
				CLANG_WARN_OBJC_LITERAL_CONVERSION = YES;
				CLANG_WARN_OBJC_ROOT_CLASS = YES_ERROR;
				CLANG_WARN_QUOTED_INCLUDE_IN_FRAMEWORK_HEADER = YES;
				CLANG_WARN_RANGE_LOOP_ANALYSIS = YES;
				CLANG_WARN_STRICT_PROTOTYPES = YES;
				CLANG_WARN_SUSPICIOUS_MOVE = YES;
				CLANG_WARN_UNGUARDED_AVAILABILITY = YES_AGGRESSIVE;
				CLANG_WARN_UNREACHABLE_CODE = YES;
				CLANG_WARN__DUPLICATE_METHOD_MATCH = YES;
				COPY_PHASE_STRIP = NO;
				CURRENT_PROJECT_VERSION = 1;
				DEAD_CODE_STRIPPING = YES;
				DEBUG_INFORMATION_FORMAT = dwarf;
				ENABLE_STRICT_OBJC_MSGSEND = YES;
				ENABLE_TESTABILITY = YES;
				GCC_C_LANGUAGE_STANDARD = gnu11;
				GCC_DYNAMIC_NO_PIC = NO;
				GCC_NO_COMMON_BLOCKS = YES;
				GCC_OPTIMIZATION_LEVEL = 0;
				GCC_PREPROCESSOR_DEFINITIONS = (
					"DEBUG=1",
					"$(inherited)",
				);
				GCC_WARN_64_TO_32_BIT_CONVERSION = YES;
				GCC_WARN_ABOUT_RETURN_TYPE = YES_ERROR;
				GCC_WARN_UNDECLARED_SELECTOR = YES;
				GCC_WARN_UNINITIALIZED_AUTOS = YES_AGGRESSIVE;
				GCC_WARN_UNUSED_FUNCTION = YES;
				GCC_WARN_UNUSED_VARIABLE = YES;
				MACOSX_DEPLOYMENT_TARGET = 12.3;
				MTL_ENABLE_DEBUG_INFO = INCLUDE_SOURCE;
				MTL_FAST_MATH = YES;
				ONLY_ACTIVE_ARCH = YES;
				SDKROOT = macosx;
				SWIFT_ACTIVE_COMPILATION_CONDITIONS = DEBUG;
				SWIFT_OPTIMIZATION_LEVEL = "-Onone";
				VERSIONING_SYSTEM = "apple-generic";
				VERSION_INFO_PREFIX = "";
			};
			name = Debug;
		};
		4A0AE480293BBF66009D95C1 /* Release */ = {
			isa = XCBuildConfiguration;
			buildSettings = {
				ALWAYS_SEARCH_USER_PATHS = NO;
				CLANG_ANALYZER_LOCALIZABILITY_NONLOCALIZED = YES;
				CLANG_ANALYZER_NONNULL = YES;
				CLANG_ANALYZER_NUMBER_OBJECT_CONVERSION = YES_AGGRESSIVE;
				CLANG_CXX_LANGUAGE_STANDARD = "gnu++20";
				CLANG_ENABLE_MODULES = YES;
				CLANG_ENABLE_OBJC_ARC = YES;
				CLANG_ENABLE_OBJC_WEAK = YES;
				CLANG_WARN_BLOCK_CAPTURE_AUTORELEASING = YES;
				CLANG_WARN_BOOL_CONVERSION = YES;
				CLANG_WARN_COMMA = YES;
				CLANG_WARN_CONSTANT_CONVERSION = YES;
				CLANG_WARN_DEPRECATED_OBJC_IMPLEMENTATIONS = YES;
				CLANG_WARN_DIRECT_OBJC_ISA_USAGE = YES_ERROR;
				CLANG_WARN_DOCUMENTATION_COMMENTS = YES;
				CLANG_WARN_EMPTY_BODY = YES;
				CLANG_WARN_ENUM_CONVERSION = YES;
				CLANG_WARN_INFINITE_RECURSION = YES;
				CLANG_WARN_INT_CONVERSION = YES;
				CLANG_WARN_NON_LITERAL_NULL_CONVERSION = YES;
				CLANG_WARN_OBJC_IMPLICIT_RETAIN_SELF = YES;
				CLANG_WARN_OBJC_LITERAL_CONVERSION = YES;
				CLANG_WARN_OBJC_ROOT_CLASS = YES_ERROR;
				CLANG_WARN_QUOTED_INCLUDE_IN_FRAMEWORK_HEADER = YES;
				CLANG_WARN_RANGE_LOOP_ANALYSIS = YES;
				CLANG_WARN_STRICT_PROTOTYPES = YES;
				CLANG_WARN_SUSPICIOUS_MOVE = YES;
				CLANG_WARN_UNGUARDED_AVAILABILITY = YES_AGGRESSIVE;
				CLANG_WARN_UNREACHABLE_CODE = YES;
				CLANG_WARN__DUPLICATE_METHOD_MATCH = YES;
				COPY_PHASE_STRIP = NO;
				CURRENT_PROJECT_VERSION = 1;
				DEAD_CODE_STRIPPING = YES;
				DEBUG_INFORMATION_FORMAT = "dwarf-with-dsym";
				ENABLE_NS_ASSERTIONS = NO;
				ENABLE_STRICT_OBJC_MSGSEND = YES;
				GCC_C_LANGUAGE_STANDARD = gnu11;
				GCC_NO_COMMON_BLOCKS = YES;
				GCC_WARN_64_TO_32_BIT_CONVERSION = YES;
				GCC_WARN_ABOUT_RETURN_TYPE = YES_ERROR;
				GCC_WARN_UNDECLARED_SELECTOR = YES;
				GCC_WARN_UNINITIALIZED_AUTOS = YES_AGGRESSIVE;
				GCC_WARN_UNUSED_FUNCTION = YES;
				GCC_WARN_UNUSED_VARIABLE = YES;
				MACOSX_DEPLOYMENT_TARGET = 12.3;
				MTL_ENABLE_DEBUG_INFO = NO;
				MTL_FAST_MATH = YES;
				SDKROOT = macosx;
				SWIFT_COMPILATION_MODE = wholemodule;
				SWIFT_OPTIMIZATION_LEVEL = "-O";
				VERSIONING_SYSTEM = "apple-generic";
				VERSION_INFO_PREFIX = "";
			};
			name = Release;
		};
		4A0AE482293BBF66009D95C1 /* Debug */ = {
			isa = XCBuildConfiguration;
			buildSettings = {
				CLANG_ENABLE_MODULES = YES;
				CODE_SIGN_STYLE = Automatic;
				COMBINE_HIDPI_IMAGES = YES;
				CURRENT_PROJECT_VERSION = 1;
				DEAD_CODE_STRIPPING = YES;
				DEFINES_MODULE = YES;
				DEVELOPMENT_TEAM = 4L6UTSMVEJ;
				DYLIB_COMPATIBILITY_VERSION = 1;
				DYLIB_CURRENT_VERSION = 1;
				DYLIB_INSTALL_NAME_BASE = "@rpath";
				GENERATE_INFOPLIST_FILE = YES;
				INFOPLIST_KEY_NSHumanReadableCopyright = "";
				INSTALL_PATH = "$(LOCAL_LIBRARY_DIR)/Frameworks";
				IPHONEOS_DEPLOYMENT_TARGET = 15.0;
				LD_RUNPATH_SEARCH_PATHS = (
					"$(inherited)",
					"@executable_path/../Frameworks",
					"@loader_path/Frameworks",
				);
				MACOSX_DEPLOYMENT_TARGET = 13.0;
				MARKETING_VERSION = 1.0;
				PRODUCT_BUNDLE_IDENTIFIER = com.juansantiagomartinbalbas.Feed;
				PRODUCT_NAME = "$(TARGET_NAME:c99extidentifier)";
				SKIP_INSTALL = YES;
				SUPPORTED_PLATFORMS = "iphoneos iphonesimulator macosx";
				SUPPORTS_MACCATALYST = NO;
				SWIFT_EMIT_LOC_STRINGS = YES;
				SWIFT_OPTIMIZATION_LEVEL = "-Onone";
				SWIFT_VERSION = 5.0;
				TARGETED_DEVICE_FAMILY = 1;
			};
			name = Debug;
		};
		4A0AE483293BBF66009D95C1 /* Release */ = {
			isa = XCBuildConfiguration;
			buildSettings = {
				CLANG_ENABLE_MODULES = YES;
				CODE_SIGN_STYLE = Automatic;
				COMBINE_HIDPI_IMAGES = YES;
				CURRENT_PROJECT_VERSION = 1;
				DEAD_CODE_STRIPPING = YES;
				DEFINES_MODULE = YES;
				DEVELOPMENT_TEAM = 4L6UTSMVEJ;
				DYLIB_COMPATIBILITY_VERSION = 1;
				DYLIB_CURRENT_VERSION = 1;
				DYLIB_INSTALL_NAME_BASE = "@rpath";
				GENERATE_INFOPLIST_FILE = YES;
				INFOPLIST_KEY_NSHumanReadableCopyright = "";
				INSTALL_PATH = "$(LOCAL_LIBRARY_DIR)/Frameworks";
				IPHONEOS_DEPLOYMENT_TARGET = 15.0;
				LD_RUNPATH_SEARCH_PATHS = (
					"$(inherited)",
					"@executable_path/../Frameworks",
					"@loader_path/Frameworks",
				);
				MACOSX_DEPLOYMENT_TARGET = 13.0;
				MARKETING_VERSION = 1.0;
				PRODUCT_BUNDLE_IDENTIFIER = com.juansantiagomartinbalbas.Feed;
				PRODUCT_NAME = "$(TARGET_NAME:c99extidentifier)";
				SKIP_INSTALL = YES;
				SUPPORTED_PLATFORMS = "iphoneos iphonesimulator macosx";
				SUPPORTS_MACCATALYST = NO;
				SWIFT_EMIT_LOC_STRINGS = YES;
				SWIFT_VERSION = 5.0;
				TARGETED_DEVICE_FAMILY = 1;
			};
			name = Release;
		};
		4A0AE485293BBF66009D95C1 /* Debug */ = {
			isa = XCBuildConfiguration;
			buildSettings = {
				ALWAYS_EMBED_SWIFT_STANDARD_LIBRARIES = YES;
				CODE_SIGN_STYLE = Automatic;
				CURRENT_PROJECT_VERSION = 1;
				DEAD_CODE_STRIPPING = YES;
				DEVELOPMENT_TEAM = 4L6UTSMVEJ;
				GENERATE_INFOPLIST_FILE = YES;
				MACOSX_DEPLOYMENT_TARGET = 13.0;
				MARKETING_VERSION = 1.0;
				PRODUCT_BUNDLE_IDENTIFIER = com.juansantiagomartinbalbas.FeedTests;
				PRODUCT_NAME = "$(TARGET_NAME)";
				SUPPORTED_PLATFORMS = "macosx iphonesimulator iphoneos";
				SWIFT_EMIT_LOC_STRINGS = NO;
				SWIFT_VERSION = 5.0;
			};
			name = Debug;
		};
		4A0AE486293BBF66009D95C1 /* Release */ = {
			isa = XCBuildConfiguration;
			buildSettings = {
				ALWAYS_EMBED_SWIFT_STANDARD_LIBRARIES = YES;
				CODE_SIGN_STYLE = Automatic;
				CURRENT_PROJECT_VERSION = 1;
				DEAD_CODE_STRIPPING = YES;
				DEVELOPMENT_TEAM = 4L6UTSMVEJ;
				GENERATE_INFOPLIST_FILE = YES;
				MACOSX_DEPLOYMENT_TARGET = 13.0;
				MARKETING_VERSION = 1.0;
				PRODUCT_BUNDLE_IDENTIFIER = com.juansantiagomartinbalbas.FeedTests;
				PRODUCT_NAME = "$(TARGET_NAME)";
				SUPPORTED_PLATFORMS = "macosx iphonesimulator iphoneos";
				SWIFT_EMIT_LOC_STRINGS = NO;
				SWIFT_VERSION = 5.0;
			};
			name = Release;
		};
		4A69A91E295F5982006FAD1D /* Debug */ = {
			isa = XCBuildConfiguration;
			buildSettings = {
				CODE_SIGN_STYLE = Automatic;
				CURRENT_PROJECT_VERSION = 1;
				DEAD_CODE_STRIPPING = YES;
				DEVELOPMENT_TEAM = 4L6UTSMVEJ;
				GENERATE_INFOPLIST_FILE = YES;
				MACOSX_DEPLOYMENT_TARGET = 13.0;
				MARKETING_VERSION = 1.0;
				PRODUCT_BUNDLE_IDENTIFIER = com.juansantiagomartinbalbas.FeedAPIEndToEndTests;
				PRODUCT_NAME = "$(TARGET_NAME)";
				SUPPORTED_PLATFORMS = "macosx iphonesimulator iphoneos";
				SWIFT_EMIT_LOC_STRINGS = NO;
				SWIFT_VERSION = 5.0;
			};
			name = Debug;
		};
		4A69A91F295F5982006FAD1D /* Release */ = {
			isa = XCBuildConfiguration;
			buildSettings = {
				CODE_SIGN_STYLE = Automatic;
				CURRENT_PROJECT_VERSION = 1;
				DEAD_CODE_STRIPPING = YES;
				DEVELOPMENT_TEAM = 4L6UTSMVEJ;
				GENERATE_INFOPLIST_FILE = YES;
				MACOSX_DEPLOYMENT_TARGET = 13.0;
				MARKETING_VERSION = 1.0;
				PRODUCT_BUNDLE_IDENTIFIER = com.juansantiagomartinbalbas.FeedAPIEndToEndTests;
				PRODUCT_NAME = "$(TARGET_NAME)";
				SUPPORTED_PLATFORMS = "macosx iphonesimulator iphoneos";
				SWIFT_EMIT_LOC_STRINGS = NO;
				SWIFT_VERSION = 5.0;
			};
			name = Release;
		};
		7377A9D22ACB516500CEA604 /* Debug */ = {
			isa = XCBuildConfiguration;
			buildSettings = {
				CODE_SIGN_STYLE = Automatic;
				CURRENT_PROJECT_VERSION = 1;
				DEFINES_MODULE = YES;
				DEVELOPMENT_TEAM = 4L6UTSMVEJ;
				DYLIB_COMPATIBILITY_VERSION = 1;
				DYLIB_CURRENT_VERSION = 1;
				DYLIB_INSTALL_NAME_BASE = "@rpath";
				ENABLE_MODULE_VERIFIER = YES;
				GENERATE_INFOPLIST_FILE = YES;
				INFOPLIST_KEY_NSHumanReadableCopyright = "";
				INSTALL_PATH = "$(LOCAL_LIBRARY_DIR)/Frameworks";
				IPHONEOS_DEPLOYMENT_TARGET = 17.0;
				LD_RUNPATH_SEARCH_PATHS = (
					"$(inherited)",
					"@executable_path/Frameworks",
					"@loader_path/Frameworks",
				);
				MARKETING_VERSION = 1.0;
				MODULE_VERIFIER_SUPPORTED_LANGUAGES = "objective-c objective-c++";
				MODULE_VERIFIER_SUPPORTED_LANGUAGE_STANDARDS = "gnu11 gnu++20";
				PRODUCT_BUNDLE_IDENTIFIER = com.juansantiagomartinbalbas.FeediOS;
				PRODUCT_NAME = "$(TARGET_NAME:c99extidentifier)";
				SDKROOT = iphoneos;
				SKIP_INSTALL = YES;
				SWIFT_EMIT_LOC_STRINGS = YES;
				SWIFT_VERSION = 5.0;
				TARGETED_DEVICE_FAMILY = "1,2";
			};
			name = Debug;
		};
		7377A9D32ACB516500CEA604 /* Release */ = {
			isa = XCBuildConfiguration;
			buildSettings = {
				CODE_SIGN_STYLE = Automatic;
				CURRENT_PROJECT_VERSION = 1;
				DEFINES_MODULE = YES;
				DEVELOPMENT_TEAM = 4L6UTSMVEJ;
				DYLIB_COMPATIBILITY_VERSION = 1;
				DYLIB_CURRENT_VERSION = 1;
				DYLIB_INSTALL_NAME_BASE = "@rpath";
				ENABLE_MODULE_VERIFIER = YES;
				GENERATE_INFOPLIST_FILE = YES;
				INFOPLIST_KEY_NSHumanReadableCopyright = "";
				INSTALL_PATH = "$(LOCAL_LIBRARY_DIR)/Frameworks";
				IPHONEOS_DEPLOYMENT_TARGET = 17.0;
				LD_RUNPATH_SEARCH_PATHS = (
					"$(inherited)",
					"@executable_path/Frameworks",
					"@loader_path/Frameworks",
				);
				MARKETING_VERSION = 1.0;
				MODULE_VERIFIER_SUPPORTED_LANGUAGES = "objective-c objective-c++";
				MODULE_VERIFIER_SUPPORTED_LANGUAGE_STANDARDS = "gnu11 gnu++20";
				PRODUCT_BUNDLE_IDENTIFIER = com.juansantiagomartinbalbas.FeediOS;
				PRODUCT_NAME = "$(TARGET_NAME:c99extidentifier)";
				SDKROOT = iphoneos;
				SKIP_INSTALL = YES;
				SWIFT_EMIT_LOC_STRINGS = YES;
				SWIFT_VERSION = 5.0;
				TARGETED_DEVICE_FAMILY = "1,2";
				VALIDATE_PRODUCT = YES;
			};
			name = Release;
		};
		7377A9D52ACB516500CEA604 /* Debug */ = {
			isa = XCBuildConfiguration;
			buildSettings = {
				ALWAYS_EMBED_SWIFT_STANDARD_LIBRARIES = YES;
				CLANG_ENABLE_MODULES = YES;
				CODE_SIGN_STYLE = Automatic;
				CURRENT_PROJECT_VERSION = 1;
				DEVELOPMENT_TEAM = 4L6UTSMVEJ;
				GENERATE_INFOPLIST_FILE = YES;
				IPHONEOS_DEPLOYMENT_TARGET = 17.0;
				MARKETING_VERSION = 1.0;
				PRODUCT_BUNDLE_IDENTIFIER = com.juansantiagomartinbalbas.FeediOSTests;
				PRODUCT_NAME = "$(TARGET_NAME)";
				SDKROOT = iphoneos;
				SWIFT_EMIT_LOC_STRINGS = NO;
				SWIFT_OPTIMIZATION_LEVEL = "-Onone";
				SWIFT_VERSION = 5.0;
				TARGETED_DEVICE_FAMILY = "1,2";
			};
			name = Debug;
		};
		7377A9D62ACB516500CEA604 /* Release */ = {
			isa = XCBuildConfiguration;
			buildSettings = {
				ALWAYS_EMBED_SWIFT_STANDARD_LIBRARIES = YES;
				CLANG_ENABLE_MODULES = YES;
				CODE_SIGN_STYLE = Automatic;
				CURRENT_PROJECT_VERSION = 1;
				DEVELOPMENT_TEAM = 4L6UTSMVEJ;
				GENERATE_INFOPLIST_FILE = YES;
				IPHONEOS_DEPLOYMENT_TARGET = 17.0;
				MARKETING_VERSION = 1.0;
				PRODUCT_BUNDLE_IDENTIFIER = com.juansantiagomartinbalbas.FeediOSTests;
				PRODUCT_NAME = "$(TARGET_NAME)";
				SDKROOT = iphoneos;
				SWIFT_EMIT_LOC_STRINGS = NO;
				SWIFT_VERSION = 5.0;
				TARGETED_DEVICE_FAMILY = "1,2";
				VALIDATE_PRODUCT = YES;
			};
			name = Release;
		};
/* End XCBuildConfiguration section */

/* Begin XCConfigurationList section */
		4A0AE469293BBF66009D95C1 /* Build configuration list for PBXProject "Feed" */ = {
			isa = XCConfigurationList;
			buildConfigurations = (
				4A0AE47F293BBF66009D95C1 /* Debug */,
				4A0AE480293BBF66009D95C1 /* Release */,
			);
			defaultConfigurationIsVisible = 0;
			defaultConfigurationName = Release;
		};
		4A0AE481293BBF66009D95C1 /* Build configuration list for PBXNativeTarget "Feed" */ = {
			isa = XCConfigurationList;
			buildConfigurations = (
				4A0AE482293BBF66009D95C1 /* Debug */,
				4A0AE483293BBF66009D95C1 /* Release */,
			);
			defaultConfigurationIsVisible = 0;
			defaultConfigurationName = Release;
		};
		4A0AE484293BBF66009D95C1 /* Build configuration list for PBXNativeTarget "FeedTests" */ = {
			isa = XCConfigurationList;
			buildConfigurations = (
				4A0AE485293BBF66009D95C1 /* Debug */,
				4A0AE486293BBF66009D95C1 /* Release */,
			);
			defaultConfigurationIsVisible = 0;
			defaultConfigurationName = Release;
		};
		4A69A920295F5982006FAD1D /* Build configuration list for PBXNativeTarget "FeedAPIEndToEndTests" */ = {
			isa = XCConfigurationList;
			buildConfigurations = (
				4A69A91E295F5982006FAD1D /* Debug */,
				4A69A91F295F5982006FAD1D /* Release */,
			);
			defaultConfigurationIsVisible = 0;
			defaultConfigurationName = Release;
		};
		7377A9D12ACB516500CEA604 /* Build configuration list for PBXNativeTarget "FeediOS" */ = {
			isa = XCConfigurationList;
			buildConfigurations = (
				7377A9D22ACB516500CEA604 /* Debug */,
				7377A9D32ACB516500CEA604 /* Release */,
			);
			defaultConfigurationIsVisible = 0;
			defaultConfigurationName = Release;
		};
		7377A9D42ACB516500CEA604 /* Build configuration list for PBXNativeTarget "FeediOSTests" */ = {
			isa = XCConfigurationList;
			buildConfigurations = (
				7377A9D52ACB516500CEA604 /* Debug */,
				7377A9D62ACB516500CEA604 /* Release */,
			);
			defaultConfigurationIsVisible = 0;
			defaultConfigurationName = Release;
		};
/* End XCConfigurationList section */
	};
	rootObject = 4A0AE466293BBF66009D95C1 /* Project object */;
}
