// !$*UTF8*$!
{
	archiveVersion = 1;
	classes = {
	};
	objectVersion = 56;
	objects = {

/* Begin PBXBuildFile section */
		7361E3CB2AFA8F5B0099C351 /* Feed.framework in Frameworks */ = {isa = PBXBuildFile; fileRef = 7361E3CA2AFA8F5B0099C351 /* Feed.framework */; };
		7361E3CC2AFA8F5B0099C351 /* Feed.framework in Embed Frameworks */ = {isa = PBXBuildFile; fileRef = 7361E3CA2AFA8F5B0099C351 /* Feed.framework */; settings = {ATTRIBUTES = (CodeSignOnCopy, RemoveHeadersOnCopy, ); }; };
		7361E3CF2AFA8F600099C351 /* FeediOS.framework in Frameworks */ = {isa = PBXBuildFile; fileRef = 7361E3CE2AFA8F600099C351 /* FeediOS.framework */; };
		7361E3D02AFA8F600099C351 /* FeediOS.framework in Embed Frameworks */ = {isa = PBXBuildFile; fileRef = 7361E3CE2AFA8F600099C351 /* FeediOS.framework */; settings = {ATTRIBUTES = (CodeSignOnCopy, RemoveHeadersOnCopy, ); }; };
		73882BF72AF4F341002BADFE /* AppDelegate.swift in Sources */ = {isa = PBXBuildFile; fileRef = 73882BF62AF4F341002BADFE /* AppDelegate.swift */; };
		73882BF92AF4F341002BADFE /* SceneDelegate.swift in Sources */ = {isa = PBXBuildFile; fileRef = 73882BF82AF4F341002BADFE /* SceneDelegate.swift */; };
		73882BFB2AF4F341002BADFE /* ViewController.swift in Sources */ = {isa = PBXBuildFile; fileRef = 73882BFA2AF4F341002BADFE /* ViewController.swift */; };
		73882BFE2AF4F341002BADFE /* Main.storyboard in Resources */ = {isa = PBXBuildFile; fileRef = 73882BFC2AF4F341002BADFE /* Main.storyboard */; };
		73882C002AF4F342002BADFE /* Assets.xcassets in Resources */ = {isa = PBXBuildFile; fileRef = 73882BFF2AF4F342002BADFE /* Assets.xcassets */; };
		73882C032AF4F342002BADFE /* LaunchScreen.storyboard in Resources */ = {isa = PBXBuildFile; fileRef = 73882C012AF4F342002BADFE /* LaunchScreen.storyboard */; };
		73B2E9C12AF563660097DBFB /* FeedLoaderWithFallbackCompositeTests.swift in Sources */ = {isa = PBXBuildFile; fileRef = 73B2E9C02AF563660097DBFB /* FeedLoaderWithFallbackCompositeTests.swift */; };
		73B2E9C52AF563AB0097DBFB /* Feed.framework in Frameworks */ = {isa = PBXBuildFile; fileRef = 73B2E9C32AF563AB0097DBFB /* Feed.framework */; };
		73B2E9C62AF563AB0097DBFB /* Feed.framework in Embed Frameworks */ = {isa = PBXBuildFile; fileRef = 73B2E9C32AF563AB0097DBFB /* Feed.framework */; settings = {ATTRIBUTES = (CodeSignOnCopy, RemoveHeadersOnCopy, ); }; };
		73B2E9C72AF563AC0097DBFB /* FeediOS.framework in Frameworks */ = {isa = PBXBuildFile; fileRef = 73B2E9C42AF563AB0097DBFB /* FeediOS.framework */; };
		73B2E9C82AF563AC0097DBFB /* FeediOS.framework in Embed Frameworks */ = {isa = PBXBuildFile; fileRef = 73B2E9C42AF563AB0097DBFB /* FeediOS.framework */; settings = {ATTRIBUTES = (CodeSignOnCopy, RemoveHeadersOnCopy, ); }; };
		73B2E9CB2AF6961D0097DBFB /* FeedLoaderWithFallbackComposite.swift in Sources */ = {isa = PBXBuildFile; fileRef = 73B2E9CA2AF6961D0097DBFB /* FeedLoaderWithFallbackComposite.swift */; };
		73B2E9CD2AF697590097DBFB /* FeedImageDataLoaderWithFallbackCompositeTests.swift in Sources */ = {isa = PBXBuildFile; fileRef = 73B2E9CC2AF697590097DBFB /* FeedImageDataLoaderWithFallbackCompositeTests.swift */; };
		73B2E9CF2AF6A3BB0097DBFB /* FeedImageDataLoaderWithFallbackComposite.swift in Sources */ = {isa = PBXBuildFile; fileRef = 73B2E9CE2AF6A3BB0097DBFB /* FeedImageDataLoaderWithFallbackComposite.swift */; };
		73B2E9D22AF791F80097DBFB /* XCTestCase+MemoryLeakTracking.swift in Sources */ = {isa = PBXBuildFile; fileRef = 73B2E9D12AF791F80097DBFB /* XCTestCase+MemoryLeakTracking.swift */; };
		73B2E9D42AF7A0A00097DBFB /* SharedTestHelpers.swift in Sources */ = {isa = PBXBuildFile; fileRef = 73B2E9D32AF7A0A00097DBFB /* SharedTestHelpers.swift */; };
		73B2E9D62AF7AEDE0097DBFB /* FeedLoaderCacheDecoratorTests.swift in Sources */ = {isa = PBXBuildFile; fileRef = 73B2E9D52AF7AEDE0097DBFB /* FeedLoaderCacheDecoratorTests.swift */; };
		73B2E9D82AF7FAAC0097DBFB /* FeedLoaderStub.swift in Sources */ = {isa = PBXBuildFile; fileRef = 73B2E9D72AF7FAAC0097DBFB /* FeedLoaderStub.swift */; };
		73B2E9DA2AF7FBA90097DBFB /* XCTestCase+FeedLoader.swift in Sources */ = {isa = PBXBuildFile; fileRef = 73B2E9D92AF7FBA90097DBFB /* XCTestCase+FeedLoader.swift */; };
		73B2E9DE2AF809350097DBFB /* FeedLoaderCacheDecorator.swift in Sources */ = {isa = PBXBuildFile; fileRef = 73B2E9DD2AF809350097DBFB /* FeedLoaderCacheDecorator.swift */; };
		73B2E9E02AF80A790097DBFB /* FeedImageDataLoaderCacheDecoratorTests.swift in Sources */ = {isa = PBXBuildFile; fileRef = 73B2E9DF2AF80A790097DBFB /* FeedImageDataLoaderCacheDecoratorTests.swift */; };
		73B2E9E22AF80B930097DBFB /* FeedImageDataLoaderSpy.swift in Sources */ = {isa = PBXBuildFile; fileRef = 73B2E9E12AF80B930097DBFB /* FeedImageDataLoaderSpy.swift */; };
		73B2E9E42AF80C5F0097DBFB /* XCTestCase+FeedImageDataLoader.swift in Sources */ = {isa = PBXBuildFile; fileRef = 73B2E9E32AF80C5F0097DBFB /* XCTestCase+FeedImageDataLoader.swift */; };
		73B2E9E82AF80E810097DBFB /* FeedImageDataLoaderCacheDecorator.swift in Sources */ = {isa = PBXBuildFile; fileRef = 73B2E9E72AF80E810097DBFB /* FeedImageDataLoaderCacheDecorator.swift */; };
		73B2E9F02AF934410097DBFB /* EssentialAppUIAcceptanceTests.swift in Sources */ = {isa = PBXBuildFile; fileRef = 73B2E9EF2AF934410097DBFB /* EssentialAppUIAcceptanceTests.swift */; };
/* End PBXBuildFile section */

/* Begin PBXContainerItemProxy section */
		73882C0A2AF4F342002BADFE /* PBXContainerItemProxy */ = {
			isa = PBXContainerItemProxy;
			containerPortal = 73882BEB2AF4F340002BADFE /* Project object */;
			proxyType = 1;
			remoteGlobalIDString = 73882BF22AF4F341002BADFE;
			remoteInfo = EssentialApp;
		};
		73B2E9F32AF934410097DBFB /* PBXContainerItemProxy */ = {
			isa = PBXContainerItemProxy;
			containerPortal = 73882BEB2AF4F340002BADFE /* Project object */;
			proxyType = 1;
			remoteGlobalIDString = 73882BF22AF4F341002BADFE;
			remoteInfo = EssentialApp;
		};
/* End PBXContainerItemProxy section */

/* Begin PBXCopyFilesBuildPhase section */
		7361E3CD2AFA8F5B0099C351 /* Embed Frameworks */ = {
			isa = PBXCopyFilesBuildPhase;
			buildActionMask = 2147483647;
			dstPath = "";
			dstSubfolderSpec = 10;
			files = (
				7361E3D02AFA8F600099C351 /* FeediOS.framework in Embed Frameworks */,
				7361E3CC2AFA8F5B0099C351 /* Feed.framework in Embed Frameworks */,
			);
			name = "Embed Frameworks";
			runOnlyForDeploymentPostprocessing = 0;
		};
		73B2E9C92AF563AC0097DBFB /* Embed Frameworks */ = {
			isa = PBXCopyFilesBuildPhase;
			buildActionMask = 2147483647;
			dstPath = "";
			dstSubfolderSpec = 10;
			files = (
				73B2E9C82AF563AC0097DBFB /* FeediOS.framework in Embed Frameworks */,
				73B2E9C62AF563AB0097DBFB /* Feed.framework in Embed Frameworks */,
			);
			name = "Embed Frameworks";
			runOnlyForDeploymentPostprocessing = 0;
		};
/* End PBXCopyFilesBuildPhase section */

/* Begin PBXFileReference section */
		7361E3CA2AFA8F5B0099C351 /* Feed.framework */ = {isa = PBXFileReference; explicitFileType = wrapper.framework; path = Feed.framework; sourceTree = BUILT_PRODUCTS_DIR; };
		7361E3CE2AFA8F600099C351 /* FeediOS.framework */ = {isa = PBXFileReference; explicitFileType = wrapper.framework; path = FeediOS.framework; sourceTree = BUILT_PRODUCTS_DIR; };
		73882BF32AF4F341002BADFE /* EssentialApp.app */ = {isa = PBXFileReference; explicitFileType = wrapper.application; includeInIndex = 0; path = EssentialApp.app; sourceTree = BUILT_PRODUCTS_DIR; };
		73882BF62AF4F341002BADFE /* AppDelegate.swift */ = {isa = PBXFileReference; lastKnownFileType = sourcecode.swift; path = AppDelegate.swift; sourceTree = "<group>"; };
		73882BF82AF4F341002BADFE /* SceneDelegate.swift */ = {isa = PBXFileReference; lastKnownFileType = sourcecode.swift; path = SceneDelegate.swift; sourceTree = "<group>"; };
		73882BFA2AF4F341002BADFE /* ViewController.swift */ = {isa = PBXFileReference; lastKnownFileType = sourcecode.swift; path = ViewController.swift; sourceTree = "<group>"; };
		73882BFD2AF4F341002BADFE /* Base */ = {isa = PBXFileReference; lastKnownFileType = file.storyboard; name = Base; path = Base.lproj/Main.storyboard; sourceTree = "<group>"; };
		73882BFF2AF4F342002BADFE /* Assets.xcassets */ = {isa = PBXFileReference; lastKnownFileType = folder.assetcatalog; path = Assets.xcassets; sourceTree = "<group>"; };
		73882C022AF4F342002BADFE /* Base */ = {isa = PBXFileReference; lastKnownFileType = file.storyboard; name = Base; path = Base.lproj/LaunchScreen.storyboard; sourceTree = "<group>"; };
		73882C042AF4F342002BADFE /* Info.plist */ = {isa = PBXFileReference; lastKnownFileType = text.plist.xml; path = Info.plist; sourceTree = "<group>"; };
		73882C092AF4F342002BADFE /* EssentialAppTests.xctest */ = {isa = PBXFileReference; explicitFileType = wrapper.cfbundle; includeInIndex = 0; path = EssentialAppTests.xctest; sourceTree = BUILT_PRODUCTS_DIR; };
		73B2E9C02AF563660097DBFB /* FeedLoaderWithFallbackCompositeTests.swift */ = {isa = PBXFileReference; lastKnownFileType = sourcecode.swift; path = FeedLoaderWithFallbackCompositeTests.swift; sourceTree = "<group>"; };
		73B2E9C32AF563AB0097DBFB /* Feed.framework */ = {isa = PBXFileReference; explicitFileType = wrapper.framework; path = Feed.framework; sourceTree = BUILT_PRODUCTS_DIR; };
		73B2E9C42AF563AB0097DBFB /* FeediOS.framework */ = {isa = PBXFileReference; explicitFileType = wrapper.framework; path = FeediOS.framework; sourceTree = BUILT_PRODUCTS_DIR; };
		73B2E9CA2AF6961D0097DBFB /* FeedLoaderWithFallbackComposite.swift */ = {isa = PBXFileReference; lastKnownFileType = sourcecode.swift; path = FeedLoaderWithFallbackComposite.swift; sourceTree = "<group>"; };
		73B2E9CC2AF697590097DBFB /* FeedImageDataLoaderWithFallbackCompositeTests.swift */ = {isa = PBXFileReference; lastKnownFileType = sourcecode.swift; path = FeedImageDataLoaderWithFallbackCompositeTests.swift; sourceTree = "<group>"; };
		73B2E9CE2AF6A3BB0097DBFB /* FeedImageDataLoaderWithFallbackComposite.swift */ = {isa = PBXFileReference; lastKnownFileType = sourcecode.swift; path = FeedImageDataLoaderWithFallbackComposite.swift; sourceTree = "<group>"; };
		73B2E9D12AF791F80097DBFB /* XCTestCase+MemoryLeakTracking.swift */ = {isa = PBXFileReference; lastKnownFileType = sourcecode.swift; path = "XCTestCase+MemoryLeakTracking.swift"; sourceTree = "<group>"; };
		73B2E9D32AF7A0A00097DBFB /* SharedTestHelpers.swift */ = {isa = PBXFileReference; lastKnownFileType = sourcecode.swift; path = SharedTestHelpers.swift; sourceTree = "<group>"; };
		73B2E9D52AF7AEDE0097DBFB /* FeedLoaderCacheDecoratorTests.swift */ = {isa = PBXFileReference; lastKnownFileType = sourcecode.swift; path = FeedLoaderCacheDecoratorTests.swift; sourceTree = "<group>"; };
		73B2E9D72AF7FAAC0097DBFB /* FeedLoaderStub.swift */ = {isa = PBXFileReference; lastKnownFileType = sourcecode.swift; path = FeedLoaderStub.swift; sourceTree = "<group>"; };
		73B2E9D92AF7FBA90097DBFB /* XCTestCase+FeedLoader.swift */ = {isa = PBXFileReference; lastKnownFileType = sourcecode.swift; path = "XCTestCase+FeedLoader.swift"; sourceTree = "<group>"; };
		73B2E9DD2AF809350097DBFB /* FeedLoaderCacheDecorator.swift */ = {isa = PBXFileReference; lastKnownFileType = sourcecode.swift; path = FeedLoaderCacheDecorator.swift; sourceTree = "<group>"; };
		73B2E9DF2AF80A790097DBFB /* FeedImageDataLoaderCacheDecoratorTests.swift */ = {isa = PBXFileReference; lastKnownFileType = sourcecode.swift; path = FeedImageDataLoaderCacheDecoratorTests.swift; sourceTree = "<group>"; };
		73B2E9E12AF80B930097DBFB /* FeedImageDataLoaderSpy.swift */ = {isa = PBXFileReference; lastKnownFileType = sourcecode.swift; path = FeedImageDataLoaderSpy.swift; sourceTree = "<group>"; };
		73B2E9E32AF80C5F0097DBFB /* XCTestCase+FeedImageDataLoader.swift */ = {isa = PBXFileReference; lastKnownFileType = sourcecode.swift; path = "XCTestCase+FeedImageDataLoader.swift"; sourceTree = "<group>"; };
		73B2E9E72AF80E810097DBFB /* FeedImageDataLoaderCacheDecorator.swift */ = {isa = PBXFileReference; lastKnownFileType = sourcecode.swift; path = FeedImageDataLoaderCacheDecorator.swift; sourceTree = "<group>"; };
		73B2E9ED2AF934410097DBFB /* EssentialAppUIAcceptanceTests.xctest */ = {isa = PBXFileReference; explicitFileType = wrapper.cfbundle; includeInIndex = 0; path = EssentialAppUIAcceptanceTests.xctest; sourceTree = BUILT_PRODUCTS_DIR; };
		73B2E9EF2AF934410097DBFB /* EssentialAppUIAcceptanceTests.swift */ = {isa = PBXFileReference; lastKnownFileType = sourcecode.swift; path = EssentialAppUIAcceptanceTests.swift; sourceTree = "<group>"; };
/* End PBXFileReference section */

/* Begin PBXFrameworksBuildPhase section */
		73882BF02AF4F341002BADFE /* Frameworks */ = {
			isa = PBXFrameworksBuildPhase;
			buildActionMask = 2147483647;
			files = (
				7361E3CF2AFA8F600099C351 /* FeediOS.framework in Frameworks */,
				7361E3CB2AFA8F5B0099C351 /* Feed.framework in Frameworks */,
			);
			runOnlyForDeploymentPostprocessing = 0;
		};
		73882C062AF4F342002BADFE /* Frameworks */ = {
			isa = PBXFrameworksBuildPhase;
			buildActionMask = 2147483647;
			files = (
				73B2E9C72AF563AC0097DBFB /* FeediOS.framework in Frameworks */,
				73B2E9C52AF563AB0097DBFB /* Feed.framework in Frameworks */,
			);
			runOnlyForDeploymentPostprocessing = 0;
		};
		73B2E9EA2AF934410097DBFB /* Frameworks */ = {
			isa = PBXFrameworksBuildPhase;
			buildActionMask = 2147483647;
			files = (
			);
			runOnlyForDeploymentPostprocessing = 0;
		};
/* End PBXFrameworksBuildPhase section */

/* Begin PBXGroup section */
		73882BEA2AF4F340002BADFE = {
			isa = PBXGroup;
			children = (
				73882BF52AF4F341002BADFE /* EssentialApp */,
				73882C0C2AF4F342002BADFE /* EssentialAppTests */,
				73B2E9EE2AF934410097DBFB /* EssentialAppUIAcceptanceTests */,
				73882BF42AF4F341002BADFE /* Products */,
				73B2E9C22AF563AB0097DBFB /* Frameworks */,
			);
			sourceTree = "<group>";
		};
		73882BF42AF4F341002BADFE /* Products */ = {
			isa = PBXGroup;
			children = (
				73882BF32AF4F341002BADFE /* EssentialApp.app */,
				73882C092AF4F342002BADFE /* EssentialAppTests.xctest */,
				73B2E9ED2AF934410097DBFB /* EssentialAppUIAcceptanceTests.xctest */,
			);
			name = Products;
			sourceTree = "<group>";
		};
		73882BF52AF4F341002BADFE /* EssentialApp */ = {
			isa = PBXGroup;
			children = (
				73882BF62AF4F341002BADFE /* AppDelegate.swift */,
				73B2E9E72AF80E810097DBFB /* FeedImageDataLoaderCacheDecorator.swift */,
				73B2E9CE2AF6A3BB0097DBFB /* FeedImageDataLoaderWithFallbackComposite.swift */,
				73B2E9DD2AF809350097DBFB /* FeedLoaderCacheDecorator.swift */,
				73B2E9CA2AF6961D0097DBFB /* FeedLoaderWithFallbackComposite.swift */,
				73882BF82AF4F341002BADFE /* SceneDelegate.swift */,
				73882BFA2AF4F341002BADFE /* ViewController.swift */,
				73882BFC2AF4F341002BADFE /* Main.storyboard */,
				73882BFF2AF4F342002BADFE /* Assets.xcassets */,
				73882C012AF4F342002BADFE /* LaunchScreen.storyboard */,
				73882C042AF4F342002BADFE /* Info.plist */,
			);
			path = EssentialApp;
			sourceTree = "<group>";
		};
		73882C0C2AF4F342002BADFE /* EssentialAppTests */ = {
			isa = PBXGroup;
			children = (
				73B2E9D02AF791EF0097DBFB /* Helpers */,
				73B2E9DF2AF80A790097DBFB /* FeedImageDataLoaderCacheDecoratorTests.swift */,
				73B2E9CC2AF697590097DBFB /* FeedImageDataLoaderWithFallbackCompositeTests.swift */,
				73B2E9C02AF563660097DBFB /* FeedLoaderWithFallbackCompositeTests.swift */,
				73B2E9D52AF7AEDE0097DBFB /* FeedLoaderCacheDecoratorTests.swift */,
			);
			path = EssentialAppTests;
			sourceTree = "<group>";
		};
		73B2E9C22AF563AB0097DBFB /* Frameworks */ = {
			isa = PBXGroup;
			children = (
				7361E3CE2AFA8F600099C351 /* FeediOS.framework */,
				7361E3CA2AFA8F5B0099C351 /* Feed.framework */,
				73B2E9C32AF563AB0097DBFB /* Feed.framework */,
				73B2E9C42AF563AB0097DBFB /* FeediOS.framework */,
			);
			name = Frameworks;
			sourceTree = "<group>";
		};
		73B2E9D02AF791EF0097DBFB /* Helpers */ = {
			isa = PBXGroup;
			children = (
				73B2E9E12AF80B930097DBFB /* FeedImageDataLoaderSpy.swift */,
				73B2E9D72AF7FAAC0097DBFB /* FeedLoaderStub.swift */,
				73B2E9D32AF7A0A00097DBFB /* SharedTestHelpers.swift */,
				73B2E9E32AF80C5F0097DBFB /* XCTestCase+FeedImageDataLoader.swift */,
				73B2E9D92AF7FBA90097DBFB /* XCTestCase+FeedLoader.swift */,
				73B2E9D12AF791F80097DBFB /* XCTestCase+MemoryLeakTracking.swift */,
			);
			path = Helpers;
			sourceTree = "<group>";
		};
		73B2E9EE2AF934410097DBFB /* EssentialAppUIAcceptanceTests */ = {
			isa = PBXGroup;
			children = (
				73B2E9EF2AF934410097DBFB /* EssentialAppUIAcceptanceTests.swift */,
			);
			path = EssentialAppUIAcceptanceTests;
			sourceTree = "<group>";
		};
/* End PBXGroup section */

/* Begin PBXNativeTarget section */
		73882BF22AF4F341002BADFE /* EssentialApp */ = {
			isa = PBXNativeTarget;
			buildConfigurationList = 73882C1D2AF4F342002BADFE /* Build configuration list for PBXNativeTarget "EssentialApp" */;
			buildPhases = (
				73882BEF2AF4F341002BADFE /* Sources */,
				73882BF02AF4F341002BADFE /* Frameworks */,
				73882BF12AF4F341002BADFE /* Resources */,
				7361E3CD2AFA8F5B0099C351 /* Embed Frameworks */,
			);
			buildRules = (
			);
			dependencies = (
			);
			name = EssentialApp;
			productName = EssentialApp;
			productReference = 73882BF32AF4F341002BADFE /* EssentialApp.app */;
			productType = "com.apple.product-type.application";
		};
		73882C082AF4F342002BADFE /* EssentialAppTests */ = {
			isa = PBXNativeTarget;
			buildConfigurationList = 73882C202AF4F342002BADFE /* Build configuration list for PBXNativeTarget "EssentialAppTests" */;
			buildPhases = (
				73882C052AF4F342002BADFE /* Sources */,
				73882C062AF4F342002BADFE /* Frameworks */,
				73882C072AF4F342002BADFE /* Resources */,
				73B2E9C92AF563AC0097DBFB /* Embed Frameworks */,
			);
			buildRules = (
			);
			dependencies = (
				73882C0B2AF4F342002BADFE /* PBXTargetDependency */,
			);
			name = EssentialAppTests;
			productName = EssentialAppTests;
			productReference = 73882C092AF4F342002BADFE /* EssentialAppTests.xctest */;
			productType = "com.apple.product-type.bundle.unit-test";
		};
		73B2E9EC2AF934410097DBFB /* EssentialAppUIAcceptanceTests */ = {
			isa = PBXNativeTarget;
			buildConfigurationList = 73B2E9F72AF934410097DBFB /* Build configuration list for PBXNativeTarget "EssentialAppUIAcceptanceTests" */;
			buildPhases = (
				73B2E9E92AF934410097DBFB /* Sources */,
				73B2E9EA2AF934410097DBFB /* Frameworks */,
				73B2E9EB2AF934410097DBFB /* Resources */,
			);
			buildRules = (
			);
			dependencies = (
				73B2E9F42AF934410097DBFB /* PBXTargetDependency */,
			);
			name = EssentialAppUIAcceptanceTests;
			productName = EssentialAppUIAcceptanceTests;
			productReference = 73B2E9ED2AF934410097DBFB /* EssentialAppUIAcceptanceTests.xctest */;
			productType = "com.apple.product-type.bundle.ui-testing";
		};
/* End PBXNativeTarget section */

/* Begin PBXProject section */
		73882BEB2AF4F340002BADFE /* Project object */ = {
			isa = PBXProject;
			attributes = {
				BuildIndependentTargetsInParallel = 1;
				LastSwiftUpdateCheck = 1500;
				LastUpgradeCheck = 1500;
				TargetAttributes = {
					73882BF22AF4F341002BADFE = {
						CreatedOnToolsVersion = 15.0.1;
					};
					73882C082AF4F342002BADFE = {
						CreatedOnToolsVersion = 15.0.1;
						TestTargetID = 73882BF22AF4F341002BADFE;
					};
					73B2E9EC2AF934410097DBFB = {
						CreatedOnToolsVersion = 15.0.1;
						TestTargetID = 73882BF22AF4F341002BADFE;
					};
				};
			};
			buildConfigurationList = 73882BEE2AF4F340002BADFE /* Build configuration list for PBXProject "EssentialApp" */;
			compatibilityVersion = "Xcode 14.0";
			developmentRegion = en;
			hasScannedForEncodings = 0;
			knownRegions = (
				en,
				Base,
			);
			mainGroup = 73882BEA2AF4F340002BADFE;
			productRefGroup = 73882BF42AF4F341002BADFE /* Products */;
			projectDirPath = "";
			projectRoot = "";
			targets = (
				73882BF22AF4F341002BADFE /* EssentialApp */,
				73882C082AF4F342002BADFE /* EssentialAppTests */,
				73B2E9EC2AF934410097DBFB /* EssentialAppUIAcceptanceTests */,
			);
		};
/* End PBXProject section */

/* Begin PBXResourcesBuildPhase section */
		73882BF12AF4F341002BADFE /* Resources */ = {
			isa = PBXResourcesBuildPhase;
			buildActionMask = 2147483647;
			files = (
				73882C032AF4F342002BADFE /* LaunchScreen.storyboard in Resources */,
				73882C002AF4F342002BADFE /* Assets.xcassets in Resources */,
				73882BFE2AF4F341002BADFE /* Main.storyboard in Resources */,
			);
			runOnlyForDeploymentPostprocessing = 0;
		};
		73882C072AF4F342002BADFE /* Resources */ = {
			isa = PBXResourcesBuildPhase;
			buildActionMask = 2147483647;
			files = (
			);
			runOnlyForDeploymentPostprocessing = 0;
		};
		73B2E9EB2AF934410097DBFB /* Resources */ = {
			isa = PBXResourcesBuildPhase;
			buildActionMask = 2147483647;
			files = (
			);
			runOnlyForDeploymentPostprocessing = 0;
		};
/* End PBXResourcesBuildPhase section */

/* Begin PBXSourcesBuildPhase section */
		73882BEF2AF4F341002BADFE /* Sources */ = {
			isa = PBXSourcesBuildPhase;
			buildActionMask = 2147483647;
			files = (
				73882BFB2AF4F341002BADFE /* ViewController.swift in Sources */,
				73882BF72AF4F341002BADFE /* AppDelegate.swift in Sources */,
				73B2E9CB2AF6961D0097DBFB /* FeedLoaderWithFallbackComposite.swift in Sources */,
				73B2E9DE2AF809350097DBFB /* FeedLoaderCacheDecorator.swift in Sources */,
				73882BF92AF4F341002BADFE /* SceneDelegate.swift in Sources */,
				73B2E9CF2AF6A3BB0097DBFB /* FeedImageDataLoaderWithFallbackComposite.swift in Sources */,
				73B2E9E82AF80E810097DBFB /* FeedImageDataLoaderCacheDecorator.swift in Sources */,
			);
			runOnlyForDeploymentPostprocessing = 0;
		};
		73882C052AF4F342002BADFE /* Sources */ = {
			isa = PBXSourcesBuildPhase;
			buildActionMask = 2147483647;
			files = (
				73B2E9D42AF7A0A00097DBFB /* SharedTestHelpers.swift in Sources */,
				73B2E9E02AF80A790097DBFB /* FeedImageDataLoaderCacheDecoratorTests.swift in Sources */,
				73B2E9DA2AF7FBA90097DBFB /* XCTestCase+FeedLoader.swift in Sources */,
				73B2E9E42AF80C5F0097DBFB /* XCTestCase+FeedImageDataLoader.swift in Sources */,
				73B2E9D62AF7AEDE0097DBFB /* FeedLoaderCacheDecoratorTests.swift in Sources */,
				73B2E9E22AF80B930097DBFB /* FeedImageDataLoaderSpy.swift in Sources */,
				73B2E9CD2AF697590097DBFB /* FeedImageDataLoaderWithFallbackCompositeTests.swift in Sources */,
				73B2E9C12AF563660097DBFB /* FeedLoaderWithFallbackCompositeTests.swift in Sources */,
				73B2E9D82AF7FAAC0097DBFB /* FeedLoaderStub.swift in Sources */,
				73B2E9D22AF791F80097DBFB /* XCTestCase+MemoryLeakTracking.swift in Sources */,
			);
			runOnlyForDeploymentPostprocessing = 0;
		};
		73B2E9E92AF934410097DBFB /* Sources */ = {
			isa = PBXSourcesBuildPhase;
			buildActionMask = 2147483647;
			files = (
				73B2E9F02AF934410097DBFB /* EssentialAppUIAcceptanceTests.swift in Sources */,
			);
			runOnlyForDeploymentPostprocessing = 0;
		};
/* End PBXSourcesBuildPhase section */

/* Begin PBXTargetDependency section */
		73882C0B2AF4F342002BADFE /* PBXTargetDependency */ = {
			isa = PBXTargetDependency;
			target = 73882BF22AF4F341002BADFE /* EssentialApp */;
			targetProxy = 73882C0A2AF4F342002BADFE /* PBXContainerItemProxy */;
		};
		73B2E9F42AF934410097DBFB /* PBXTargetDependency */ = {
			isa = PBXTargetDependency;
			target = 73882BF22AF4F341002BADFE /* EssentialApp */;
			targetProxy = 73B2E9F32AF934410097DBFB /* PBXContainerItemProxy */;
		};
/* End PBXTargetDependency section */

/* Begin PBXVariantGroup section */
		73882BFC2AF4F341002BADFE /* Main.storyboard */ = {
			isa = PBXVariantGroup;
			children = (
				73882BFD2AF4F341002BADFE /* Base */,
			);
			name = Main.storyboard;
			sourceTree = "<group>";
		};
		73882C012AF4F342002BADFE /* LaunchScreen.storyboard */ = {
			isa = PBXVariantGroup;
			children = (
				73882C022AF4F342002BADFE /* Base */,
			);
			name = LaunchScreen.storyboard;
			sourceTree = "<group>";
		};
/* End PBXVariantGroup section */

/* Begin XCBuildConfiguration section */
		73882C1B2AF4F342002BADFE /* Debug */ = {
			isa = XCBuildConfiguration;
			buildSettings = {
				ALWAYS_SEARCH_USER_PATHS = NO;
				ASSETCATALOG_COMPILER_GENERATE_SWIFT_ASSET_SYMBOL_EXTENSIONS = YES;
				CLANG_ANALYZER_NONNULL = YES;
				CLANG_ANALYZER_NUMBER_OBJECT_CONVERSION = YES_AGGRESSIVE;
				CLANG_CXX_LANGUAGE_STANDARD = "gnu++20";
				CLANG_ENABLE_MODULES = YES;
				CLANG_ENABLE_OBJC_ARC = YES;
				CLANG_ENABLE_OBJC_WEAK = YES;
				CLANG_WARN_BLOCK_CAPTURE_AUTORELEASING = YES;
				CLANG_WARN_BOOL_CONVERSION = YES;
				CLANG_WARN_COMMA = YES;
				CLANG_WARN_CONSTANT_CONVERSION = YES;
				CLANG_WARN_DEPRECATED_OBJC_IMPLEMENTATIONS = YES;
				CLANG_WARN_DIRECT_OBJC_ISA_USAGE = YES_ERROR;
				CLANG_WARN_DOCUMENTATION_COMMENTS = YES;
				CLANG_WARN_EMPTY_BODY = YES;
				CLANG_WARN_ENUM_CONVERSION = YES;
				CLANG_WARN_INFINITE_RECURSION = YES;
				CLANG_WARN_INT_CONVERSION = YES;
				CLANG_WARN_NON_LITERAL_NULL_CONVERSION = YES;
				CLANG_WARN_OBJC_IMPLICIT_RETAIN_SELF = YES;
				CLANG_WARN_OBJC_LITERAL_CONVERSION = YES;
				CLANG_WARN_OBJC_ROOT_CLASS = YES_ERROR;
				CLANG_WARN_QUOTED_INCLUDE_IN_FRAMEWORK_HEADER = YES;
				CLANG_WARN_RANGE_LOOP_ANALYSIS = YES;
				CLANG_WARN_STRICT_PROTOTYPES = YES;
				CLANG_WARN_SUSPICIOUS_MOVE = YES;
				CLANG_WARN_UNGUARDED_AVAILABILITY = YES_AGGRESSIVE;
				CLANG_WARN_UNREACHABLE_CODE = YES;
				CLANG_WARN__DUPLICATE_METHOD_MATCH = YES;
				COPY_PHASE_STRIP = NO;
				DEBUG_INFORMATION_FORMAT = dwarf;
				ENABLE_STRICT_OBJC_MSGSEND = YES;
				ENABLE_TESTABILITY = YES;
				ENABLE_USER_SCRIPT_SANDBOXING = YES;
				GCC_C_LANGUAGE_STANDARD = gnu17;
				GCC_DYNAMIC_NO_PIC = NO;
				GCC_NO_COMMON_BLOCKS = YES;
				GCC_OPTIMIZATION_LEVEL = 0;
				GCC_PREPROCESSOR_DEFINITIONS = (
					"DEBUG=1",
					"$(inherited)",
				);
				GCC_WARN_64_TO_32_BIT_CONVERSION = YES;
				GCC_WARN_ABOUT_RETURN_TYPE = YES_ERROR;
				GCC_WARN_UNDECLARED_SELECTOR = YES;
				GCC_WARN_UNINITIALIZED_AUTOS = YES_AGGRESSIVE;
				GCC_WARN_UNUSED_FUNCTION = YES;
				GCC_WARN_UNUSED_VARIABLE = YES;
				IPHONEOS_DEPLOYMENT_TARGET = 17.0;
				LOCALIZATION_PREFERS_STRING_CATALOGS = YES;
				MTL_ENABLE_DEBUG_INFO = INCLUDE_SOURCE;
				MTL_FAST_MATH = YES;
				ONLY_ACTIVE_ARCH = YES;
				SDKROOT = iphoneos;
				SWIFT_ACTIVE_COMPILATION_CONDITIONS = "DEBUG $(inherited)";
				SWIFT_OPTIMIZATION_LEVEL = "-Onone";
			};
			name = Debug;
		};
		73882C1C2AF4F342002BADFE /* Release */ = {
			isa = XCBuildConfiguration;
			buildSettings = {
				ALWAYS_SEARCH_USER_PATHS = NO;
				ASSETCATALOG_COMPILER_GENERATE_SWIFT_ASSET_SYMBOL_EXTENSIONS = YES;
				CLANG_ANALYZER_NONNULL = YES;
				CLANG_ANALYZER_NUMBER_OBJECT_CONVERSION = YES_AGGRESSIVE;
				CLANG_CXX_LANGUAGE_STANDARD = "gnu++20";
				CLANG_ENABLE_MODULES = YES;
				CLANG_ENABLE_OBJC_ARC = YES;
				CLANG_ENABLE_OBJC_WEAK = YES;
				CLANG_WARN_BLOCK_CAPTURE_AUTORELEASING = YES;
				CLANG_WARN_BOOL_CONVERSION = YES;
				CLANG_WARN_COMMA = YES;
				CLANG_WARN_CONSTANT_CONVERSION = YES;
				CLANG_WARN_DEPRECATED_OBJC_IMPLEMENTATIONS = YES;
				CLANG_WARN_DIRECT_OBJC_ISA_USAGE = YES_ERROR;
				CLANG_WARN_DOCUMENTATION_COMMENTS = YES;
				CLANG_WARN_EMPTY_BODY = YES;
				CLANG_WARN_ENUM_CONVERSION = YES;
				CLANG_WARN_INFINITE_RECURSION = YES;
				CLANG_WARN_INT_CONVERSION = YES;
				CLANG_WARN_NON_LITERAL_NULL_CONVERSION = YES;
				CLANG_WARN_OBJC_IMPLICIT_RETAIN_SELF = YES;
				CLANG_WARN_OBJC_LITERAL_CONVERSION = YES;
				CLANG_WARN_OBJC_ROOT_CLASS = YES_ERROR;
				CLANG_WARN_QUOTED_INCLUDE_IN_FRAMEWORK_HEADER = YES;
				CLANG_WARN_RANGE_LOOP_ANALYSIS = YES;
				CLANG_WARN_STRICT_PROTOTYPES = YES;
				CLANG_WARN_SUSPICIOUS_MOVE = YES;
				CLANG_WARN_UNGUARDED_AVAILABILITY = YES_AGGRESSIVE;
				CLANG_WARN_UNREACHABLE_CODE = YES;
				CLANG_WARN__DUPLICATE_METHOD_MATCH = YES;
				COPY_PHASE_STRIP = NO;
				DEBUG_INFORMATION_FORMAT = "dwarf-with-dsym";
				ENABLE_NS_ASSERTIONS = NO;
				ENABLE_STRICT_OBJC_MSGSEND = YES;
				ENABLE_USER_SCRIPT_SANDBOXING = YES;
				GCC_C_LANGUAGE_STANDARD = gnu17;
				GCC_NO_COMMON_BLOCKS = YES;
				GCC_WARN_64_TO_32_BIT_CONVERSION = YES;
				GCC_WARN_ABOUT_RETURN_TYPE = YES_ERROR;
				GCC_WARN_UNDECLARED_SELECTOR = YES;
				GCC_WARN_UNINITIALIZED_AUTOS = YES_AGGRESSIVE;
				GCC_WARN_UNUSED_FUNCTION = YES;
				GCC_WARN_UNUSED_VARIABLE = YES;
				IPHONEOS_DEPLOYMENT_TARGET = 17.0;
				LOCALIZATION_PREFERS_STRING_CATALOGS = YES;
				MTL_ENABLE_DEBUG_INFO = NO;
				MTL_FAST_MATH = YES;
				SDKROOT = iphoneos;
				SWIFT_COMPILATION_MODE = wholemodule;
				VALIDATE_PRODUCT = YES;
			};
			name = Release;
		};
		73882C1E2AF4F342002BADFE /* Debug */ = {
			isa = XCBuildConfiguration;
			buildSettings = {
				ASSETCATALOG_COMPILER_APPICON_NAME = AppIcon;
				ASSETCATALOG_COMPILER_GLOBAL_ACCENT_COLOR_NAME = AccentColor;
				CODE_SIGN_STYLE = Automatic;
				CURRENT_PROJECT_VERSION = 1;
				DEVELOPMENT_TEAM = 4L6UTSMVEJ;
				GENERATE_INFOPLIST_FILE = YES;
				INFOPLIST_FILE = EssentialApp/Info.plist;
				INFOPLIST_KEY_UIApplicationSupportsIndirectInputEvents = YES;
				INFOPLIST_KEY_UILaunchStoryboardName = LaunchScreen;
				INFOPLIST_KEY_UIMainStoryboardFile = Main;
				INFOPLIST_KEY_UISupportedInterfaceOrientations = UIInterfaceOrientationPortrait;
				LD_RUNPATH_SEARCH_PATHS = (
					"$(inherited)",
					"@executable_path/Frameworks",
				);
				MARKETING_VERSION = 1.0;
				PRODUCT_BUNDLE_IDENTIFIER = com.juansantiagomartinbalbas.EssentialApp;
				PRODUCT_NAME = "$(TARGET_NAME)";
				SWIFT_EMIT_LOC_STRINGS = YES;
				SWIFT_VERSION = 5.0;
				TARGETED_DEVICE_FAMILY = "1,2";
			};
			name = Debug;
		};
		73882C1F2AF4F342002BADFE /* Release */ = {
			isa = XCBuildConfiguration;
			buildSettings = {
				ASSETCATALOG_COMPILER_APPICON_NAME = AppIcon;
				ASSETCATALOG_COMPILER_GLOBAL_ACCENT_COLOR_NAME = AccentColor;
				CODE_SIGN_STYLE = Automatic;
				CURRENT_PROJECT_VERSION = 1;
				DEVELOPMENT_TEAM = 4L6UTSMVEJ;
				GENERATE_INFOPLIST_FILE = YES;
				INFOPLIST_FILE = EssentialApp/Info.plist;
				INFOPLIST_KEY_UIApplicationSupportsIndirectInputEvents = YES;
				INFOPLIST_KEY_UILaunchStoryboardName = LaunchScreen;
				INFOPLIST_KEY_UIMainStoryboardFile = Main;
				INFOPLIST_KEY_UISupportedInterfaceOrientations = UIInterfaceOrientationPortrait;
				LD_RUNPATH_SEARCH_PATHS = (
					"$(inherited)",
					"@executable_path/Frameworks",
				);
				MARKETING_VERSION = 1.0;
				PRODUCT_BUNDLE_IDENTIFIER = com.juansantiagomartinbalbas.EssentialApp;
				PRODUCT_NAME = "$(TARGET_NAME)";
				SWIFT_EMIT_LOC_STRINGS = YES;
				SWIFT_VERSION = 5.0;
				TARGETED_DEVICE_FAMILY = "1,2";
			};
			name = Release;
		};
		73882C212AF4F342002BADFE /* Debug */ = {
			isa = XCBuildConfiguration;
			buildSettings = {
				ALWAYS_EMBED_SWIFT_STANDARD_LIBRARIES = YES;
				BUNDLE_LOADER = "$(TEST_HOST)";
				CODE_SIGN_STYLE = Automatic;
				CURRENT_PROJECT_VERSION = 1;
				DEVELOPMENT_TEAM = 4L6UTSMVEJ;
				GENERATE_INFOPLIST_FILE = YES;
				IPHONEOS_DEPLOYMENT_TARGET = 17.0;
				MARKETING_VERSION = 1.0;
				PRODUCT_BUNDLE_IDENTIFIER = com.juansantiagomartinbalbas.EssentialAppTests;
				PRODUCT_NAME = "$(TARGET_NAME)";
				SWIFT_EMIT_LOC_STRINGS = NO;
				SWIFT_VERSION = 5.0;
				TARGETED_DEVICE_FAMILY = "1,2";
				TEST_HOST = "$(BUILT_PRODUCTS_DIR)/EssentialApp.app/$(BUNDLE_EXECUTABLE_FOLDER_PATH)/EssentialApp";
			};
			name = Debug;
		};
		73882C222AF4F342002BADFE /* Release */ = {
			isa = XCBuildConfiguration;
			buildSettings = {
				ALWAYS_EMBED_SWIFT_STANDARD_LIBRARIES = YES;
				BUNDLE_LOADER = "$(TEST_HOST)";
				CODE_SIGN_STYLE = Automatic;
				CURRENT_PROJECT_VERSION = 1;
				DEVELOPMENT_TEAM = 4L6UTSMVEJ;
				GENERATE_INFOPLIST_FILE = YES;
				IPHONEOS_DEPLOYMENT_TARGET = 17.0;
				MARKETING_VERSION = 1.0;
				PRODUCT_BUNDLE_IDENTIFIER = com.juansantiagomartinbalbas.EssentialAppTests;
				PRODUCT_NAME = "$(TARGET_NAME)";
				SWIFT_EMIT_LOC_STRINGS = NO;
				SWIFT_VERSION = 5.0;
				TARGETED_DEVICE_FAMILY = "1,2";
				TEST_HOST = "$(BUILT_PRODUCTS_DIR)/EssentialApp.app/$(BUNDLE_EXECUTABLE_FOLDER_PATH)/EssentialApp";
			};
			name = Release;
		};
		73B2E9F52AF934410097DBFB /* Debug */ = {
			isa = XCBuildConfiguration;
			buildSettings = {
				CODE_SIGN_STYLE = Automatic;
				CURRENT_PROJECT_VERSION = 1;
				DEVELOPMENT_TEAM = 4L6UTSMVEJ;
				GENERATE_INFOPLIST_FILE = YES;
				MARKETING_VERSION = 1.0;
				PRODUCT_BUNDLE_IDENTIFIER = com.juansantiagomartinbalbas.EssentialAppUIAcceptanceTests;
				PRODUCT_NAME = "$(TARGET_NAME)";
				SWIFT_EMIT_LOC_STRINGS = NO;
				SWIFT_VERSION = 5.0;
				TARGETED_DEVICE_FAMILY = "1,2";
				TEST_TARGET_NAME = EssentialApp;
			};
			name = Debug;
		};
		73B2E9F62AF934410097DBFB /* Release */ = {
			isa = XCBuildConfiguration;
			buildSettings = {
				CODE_SIGN_STYLE = Automatic;
				CURRENT_PROJECT_VERSION = 1;
				DEVELOPMENT_TEAM = 4L6UTSMVEJ;
				GENERATE_INFOPLIST_FILE = YES;
				MARKETING_VERSION = 1.0;
				PRODUCT_BUNDLE_IDENTIFIER = com.juansantiagomartinbalbas.EssentialAppUIAcceptanceTests;
				PRODUCT_NAME = "$(TARGET_NAME)";
				SWIFT_EMIT_LOC_STRINGS = NO;
				SWIFT_VERSION = 5.0;
				TARGETED_DEVICE_FAMILY = "1,2";
				TEST_TARGET_NAME = EssentialApp;
			};
			name = Release;
		};
/* End XCBuildConfiguration section */

/* Begin XCConfigurationList section */
		73882BEE2AF4F340002BADFE /* Build configuration list for PBXProject "EssentialApp" */ = {
			isa = XCConfigurationList;
			buildConfigurations = (
				73882C1B2AF4F342002BADFE /* Debug */,
				73882C1C2AF4F342002BADFE /* Release */,
			);
			defaultConfigurationIsVisible = 0;
			defaultConfigurationName = Release;
		};
		73882C1D2AF4F342002BADFE /* Build configuration list for PBXNativeTarget "EssentialApp" */ = {
			isa = XCConfigurationList;
			buildConfigurations = (
				73882C1E2AF4F342002BADFE /* Debug */,
				73882C1F2AF4F342002BADFE /* Release */,
			);
			defaultConfigurationIsVisible = 0;
			defaultConfigurationName = Release;
		};
		73882C202AF4F342002BADFE /* Build configuration list for PBXNativeTarget "EssentialAppTests" */ = {
			isa = XCConfigurationList;
			buildConfigurations = (
				73882C212AF4F342002BADFE /* Debug */,
				73882C222AF4F342002BADFE /* Release */,
			);
			defaultConfigurationIsVisible = 0;
			defaultConfigurationName = Release;
		};
		73B2E9F72AF934410097DBFB /* Build configuration list for PBXNativeTarget "EssentialAppUIAcceptanceTests" */ = {
			isa = XCConfigurationList;
			buildConfigurations = (
				73B2E9F52AF934410097DBFB /* Debug */,
				73B2E9F62AF934410097DBFB /* Release */,
			);
			defaultConfigurationIsVisible = 0;
			defaultConfigurationName = Release;
		};
/* End XCConfigurationList section */
	};
	rootObject = 73882BEB2AF4F340002BADFE /* Project object */;
}
